// !$*UTF8*$!
{
	archiveVersion = 1;
	classes = {
	};
	objectVersion = 56;
	objects = {

/* Begin PBXBuildFile section */
		B26AA85A2AB84C50002F5761 /* AppDelegate.swift in Sources */ = {isa = PBXBuildFile; fileRef = B26AA8592AB84C50002F5761 /* AppDelegate.swift */; };
		B26AA85C2AB84C50002F5761 /* SceneDelegate.swift in Sources */ = {isa = PBXBuildFile; fileRef = B26AA85B2AB84C50002F5761 /* SceneDelegate.swift */; };
		B26AA8632AB84C52002F5761 /* Assets.xcassets in Resources */ = {isa = PBXBuildFile; fileRef = B26AA8622AB84C52002F5761 /* Assets.xcassets */; };
		B26AA8662AB84C52002F5761 /* LaunchScreen.storyboard in Resources */ = {isa = PBXBuildFile; fileRef = B26AA8642AB84C52002F5761 /* LaunchScreen.storyboard */; };
		B26AA8712AB84C52002F5761 /* AppStoreSearchUIIntegrationTests.swift in Sources */ = {isa = PBXBuildFile; fileRef = B26AA8702AB84C52002F5761 /* AppStoreSearchUIIntegrationTests.swift */; };
		B26AA88B2AB84DA6002F5761 /* AppStoreSearch.framework in Frameworks */ = {isa = PBXBuildFile; fileRef = B26AA88A2AB84DA6002F5761 /* AppStoreSearch.framework */; };
		B26AA88C2AB84DA6002F5761 /* AppStoreSearch.framework in Embed Frameworks */ = {isa = PBXBuildFile; fileRef = B26AA88A2AB84DA6002F5761 /* AppStoreSearch.framework */; settings = {ATTRIBUTES = (CodeSignOnCopy, RemoveHeadersOnCopy, ); }; };
		B26AA88F2AB84DAA002F5761 /* AppStoreSearchiOS.framework in Frameworks */ = {isa = PBXBuildFile; fileRef = B26AA88E2AB84DAA002F5761 /* AppStoreSearchiOS.framework */; };
		B26AA8902AB84DAA002F5761 /* AppStoreSearchiOS.framework in Embed Frameworks */ = {isa = PBXBuildFile; fileRef = B26AA88E2AB84DAA002F5761 /* AppStoreSearchiOS.framework */; settings = {ATTRIBUTES = (CodeSignOnCopy, RemoveHeadersOnCopy, ); }; };
		B26AA8942AB84FF1002F5761 /* Combine+HTTPClient.swift in Sources */ = {isa = PBXBuildFile; fileRef = B26AA8922AB84FF1002F5761 /* Combine+HTTPClient.swift */; };
		B26AA8952AB84FF1002F5761 /* Combine+DispatchQueue.swift in Sources */ = {isa = PBXBuildFile; fileRef = B26AA8932AB84FF1002F5761 /* Combine+DispatchQueue.swift */; };
		B26AA89C2AB85AAE002F5761 /* Combine+LocalSearchTermLoader.swift in Sources */ = {isa = PBXBuildFile; fileRef = B26AA89B2AB85AAE002F5761 /* Combine+LocalSearchTermLoader.swift */; };
		B26AA8A32AB8650D002F5761 /* LoadResourcePresentationAdapter.swift in Sources */ = {isa = PBXBuildFile; fileRef = B26AA8A22AB8650D002F5761 /* LoadResourcePresentationAdapter.swift */; };
		B26AA8B02AB86757002F5761 /* AppStoreSearchUIComposer.swift in Sources */ = {isa = PBXBuildFile; fileRef = B26AA8AF2AB86757002F5761 /* AppStoreSearchUIComposer.swift */; };
		B26AA8B62AB87118002F5761 /* RecentSearchTermViewAdapter.swift in Sources */ = {isa = PBXBuildFile; fileRef = B26AA8B52AB87118002F5761 /* RecentSearchTermViewAdapter.swift */; };
		B26AA8B92AB873B9002F5761 /* XCTest+trackMemory.swift in Sources */ = {isa = PBXBuildFile; fileRef = B26AA8B82AB873B9002F5761 /* XCTest+trackMemory.swift */; };
		B26AA8BD2AB94D70002F5761 /* MatchedSearchTermsViewAdapter.swift in Sources */ = {isa = PBXBuildFile; fileRef = B26AA8BC2AB94D70002F5761 /* MatchedSearchTermsViewAdapter.swift */; };
		B2C62CA52AB963A700944326 /* AppsViewAdapter.swift in Sources */ = {isa = PBXBuildFile; fileRef = B2C62CA42AB963A700944326 /* AppsViewAdapter.swift */; };
/* End PBXBuildFile section */

/* Begin PBXContainerItemProxy section */
		B26AA86D2AB84C52002F5761 /* PBXContainerItemProxy */ = {
			isa = PBXContainerItemProxy;
			containerPortal = B26AA84E2AB84C50002F5761 /* Project object */;
			proxyType = 1;
			remoteGlobalIDString = B26AA8552AB84C50002F5761;
			remoteInfo = AppStoreSearchApp;
		};
/* End PBXContainerItemProxy section */

/* Begin PBXCopyFilesBuildPhase section */
		B26AA88D2AB84DA6002F5761 /* Embed Frameworks */ = {
			isa = PBXCopyFilesBuildPhase;
			buildActionMask = 2147483647;
			dstPath = "";
			dstSubfolderSpec = 10;
			files = (
				B26AA8902AB84DAA002F5761 /* AppStoreSearchiOS.framework in Embed Frameworks */,
				B26AA88C2AB84DA6002F5761 /* AppStoreSearch.framework in Embed Frameworks */,
			);
			name = "Embed Frameworks";
			runOnlyForDeploymentPostprocessing = 0;
		};
/* End PBXCopyFilesBuildPhase section */

/* Begin PBXFileReference section */
		B26AA8562AB84C50002F5761 /* AppStoreSearchApp.app */ = {isa = PBXFileReference; explicitFileType = wrapper.application; includeInIndex = 0; path = AppStoreSearchApp.app; sourceTree = BUILT_PRODUCTS_DIR; };
		B26AA8592AB84C50002F5761 /* AppDelegate.swift */ = {isa = PBXFileReference; lastKnownFileType = sourcecode.swift; path = AppDelegate.swift; sourceTree = "<group>"; };
		B26AA85B2AB84C50002F5761 /* SceneDelegate.swift */ = {isa = PBXFileReference; lastKnownFileType = sourcecode.swift; path = SceneDelegate.swift; sourceTree = "<group>"; };
		B26AA8622AB84C52002F5761 /* Assets.xcassets */ = {isa = PBXFileReference; lastKnownFileType = folder.assetcatalog; path = Assets.xcassets; sourceTree = "<group>"; };
		B26AA8652AB84C52002F5761 /* Base */ = {isa = PBXFileReference; lastKnownFileType = file.storyboard; name = Base; path = Base.lproj/LaunchScreen.storyboard; sourceTree = "<group>"; };
		B26AA8672AB84C52002F5761 /* Info.plist */ = {isa = PBXFileReference; lastKnownFileType = text.plist.xml; path = Info.plist; sourceTree = "<group>"; };
		B26AA86C2AB84C52002F5761 /* AppStoreSearchAppTests.xctest */ = {isa = PBXFileReference; explicitFileType = wrapper.cfbundle; includeInIndex = 0; path = AppStoreSearchAppTests.xctest; sourceTree = BUILT_PRODUCTS_DIR; };
		B26AA8702AB84C52002F5761 /* AppStoreSearchUIIntegrationTests.swift */ = {isa = PBXFileReference; lastKnownFileType = sourcecode.swift; path = AppStoreSearchUIIntegrationTests.swift; sourceTree = "<group>"; };
		B26AA88A2AB84DA6002F5761 /* AppStoreSearch.framework */ = {isa = PBXFileReference; explicitFileType = wrapper.framework; path = AppStoreSearch.framework; sourceTree = BUILT_PRODUCTS_DIR; };
		B26AA88E2AB84DAA002F5761 /* AppStoreSearchiOS.framework */ = {isa = PBXFileReference; explicitFileType = wrapper.framework; path = AppStoreSearchiOS.framework; sourceTree = BUILT_PRODUCTS_DIR; };
		B26AA8922AB84FF1002F5761 /* Combine+HTTPClient.swift */ = {isa = PBXFileReference; fileEncoding = 4; lastKnownFileType = sourcecode.swift; path = "Combine+HTTPClient.swift"; sourceTree = "<group>"; };
		B26AA8932AB84FF1002F5761 /* Combine+DispatchQueue.swift */ = {isa = PBXFileReference; fileEncoding = 4; lastKnownFileType = sourcecode.swift; path = "Combine+DispatchQueue.swift"; sourceTree = "<group>"; };
		B26AA89B2AB85AAE002F5761 /* Combine+LocalSearchTermLoader.swift */ = {isa = PBXFileReference; lastKnownFileType = sourcecode.swift; path = "Combine+LocalSearchTermLoader.swift"; sourceTree = "<group>"; };
		B26AA8A22AB8650D002F5761 /* LoadResourcePresentationAdapter.swift */ = {isa = PBXFileReference; lastKnownFileType = sourcecode.swift; path = LoadResourcePresentationAdapter.swift; sourceTree = "<group>"; };
		B26AA8AF2AB86757002F5761 /* AppStoreSearchUIComposer.swift */ = {isa = PBXFileReference; lastKnownFileType = sourcecode.swift; path = AppStoreSearchUIComposer.swift; sourceTree = "<group>"; };
		B26AA8B52AB87118002F5761 /* RecentSearchTermViewAdapter.swift */ = {isa = PBXFileReference; lastKnownFileType = sourcecode.swift; path = RecentSearchTermViewAdapter.swift; sourceTree = "<group>"; };
		B26AA8B82AB873B9002F5761 /* XCTest+trackMemory.swift */ = {isa = PBXFileReference; lastKnownFileType = sourcecode.swift; path = "XCTest+trackMemory.swift"; sourceTree = "<group>"; };
		B26AA8BC2AB94D70002F5761 /* MatchedSearchTermsViewAdapter.swift */ = {isa = PBXFileReference; lastKnownFileType = sourcecode.swift; path = MatchedSearchTermsViewAdapter.swift; sourceTree = "<group>"; };
		B2C62CA42AB963A700944326 /* AppsViewAdapter.swift */ = {isa = PBXFileReference; lastKnownFileType = sourcecode.swift; path = AppsViewAdapter.swift; sourceTree = "<group>"; };
/* End PBXFileReference section */

/* Begin PBXFrameworksBuildPhase section */
		B26AA8532AB84C50002F5761 /* Frameworks */ = {
			isa = PBXFrameworksBuildPhase;
			buildActionMask = 2147483647;
			files = (
				B26AA88F2AB84DAA002F5761 /* AppStoreSearchiOS.framework in Frameworks */,
				B26AA88B2AB84DA6002F5761 /* AppStoreSearch.framework in Frameworks */,
			);
			runOnlyForDeploymentPostprocessing = 0;
		};
		B26AA8692AB84C52002F5761 /* Frameworks */ = {
			isa = PBXFrameworksBuildPhase;
			buildActionMask = 2147483647;
			files = (
			);
			runOnlyForDeploymentPostprocessing = 0;
		};
/* End PBXFrameworksBuildPhase section */

/* Begin PBXGroup section */
		B26AA84D2AB84C50002F5761 = {
			isa = PBXGroup;
			children = (
				B26AA8582AB84C50002F5761 /* AppStoreSearchApp */,
				B26AA86F2AB84C52002F5761 /* AppStoreSearchAppTests */,
				B26AA8572AB84C50002F5761 /* Products */,
				B26AA8892AB84D79002F5761 /* Frameworks */,
			);
			sourceTree = "<group>";
		};
		B26AA8572AB84C50002F5761 /* Products */ = {
			isa = PBXGroup;
			children = (
				B26AA8562AB84C50002F5761 /* AppStoreSearchApp.app */,
				B26AA86C2AB84C52002F5761 /* AppStoreSearchAppTests.xctest */,
			);
			name = Products;
			sourceTree = "<group>";
		};
		B26AA8582AB84C50002F5761 /* AppStoreSearchApp */ = {
			isa = PBXGroup;
			children = (
				B26AA8672AB84C52002F5761 /* Info.plist */,
				B26AA8B72AB87145002F5761 /* Composition */,
				B26AA8912AB84F49002F5761 /* Combine+ */,
				B26AA8962AB85318002F5761 /* Supporting */,
				B26AA8592AB84C50002F5761 /* AppDelegate.swift */,
				B26AA85B2AB84C50002F5761 /* SceneDelegate.swift */,
			);
			path = AppStoreSearchApp;
			sourceTree = "<group>";
		};
		B26AA86F2AB84C52002F5761 /* AppStoreSearchAppTests */ = {
			isa = PBXGroup;
			children = (
				B26AA8702AB84C52002F5761 /* AppStoreSearchUIIntegrationTests.swift */,
				B26AA8B82AB873B9002F5761 /* XCTest+trackMemory.swift */,
			);
			path = AppStoreSearchAppTests;
			sourceTree = "<group>";
		};
		B26AA8892AB84D79002F5761 /* Frameworks */ = {
			isa = PBXGroup;
			children = (
				B26AA88E2AB84DAA002F5761 /* AppStoreSearchiOS.framework */,
				B26AA88A2AB84DA6002F5761 /* AppStoreSearch.framework */,
			);
			name = Frameworks;
			sourceTree = "<group>";
		};
		B26AA8912AB84F49002F5761 /* Combine+ */ = {
			isa = PBXGroup;
			children = (
				B26AA8932AB84FF1002F5761 /* Combine+DispatchQueue.swift */,
				B26AA8922AB84FF1002F5761 /* Combine+HTTPClient.swift */,
				B26AA89B2AB85AAE002F5761 /* Combine+LocalSearchTermLoader.swift */,
			);
			path = "Combine+";
			sourceTree = "<group>";
		};
		B26AA8962AB85318002F5761 /* Supporting */ = {
			isa = PBXGroup;
			children = (
				B26AA8622AB84C52002F5761 /* Assets.xcassets */,
				B26AA8642AB84C52002F5761 /* LaunchScreen.storyboard */,
			);
			path = Supporting;
			sourceTree = "<group>";
		};
		B26AA8B72AB87145002F5761 /* Composition */ = {
			isa = PBXGroup;
			children = (
				B26AA8A22AB8650D002F5761 /* LoadResourcePresentationAdapter.swift */,
				B26AA8AF2AB86757002F5761 /* AppStoreSearchUIComposer.swift */,
				B26AA8B52AB87118002F5761 /* RecentSearchTermViewAdapter.swift */,
				B26AA8BC2AB94D70002F5761 /* MatchedSearchTermsViewAdapter.swift */,
				B2C62CA42AB963A700944326 /* AppsViewAdapter.swift */,
			);
			path = Composition;
			sourceTree = "<group>";
		};
/* End PBXGroup section */

/* Begin PBXNativeTarget section */
		B26AA8552AB84C50002F5761 /* AppStoreSearchApp */ = {
			isa = PBXNativeTarget;
			buildConfigurationList = B26AA8802AB84C52002F5761 /* Build configuration list for PBXNativeTarget "AppStoreSearchApp" */;
			buildPhases = (
				B26AA8522AB84C50002F5761 /* Sources */,
				B26AA8532AB84C50002F5761 /* Frameworks */,
				B26AA8542AB84C50002F5761 /* Resources */,
				B26AA88D2AB84DA6002F5761 /* Embed Frameworks */,
			);
			buildRules = (
			);
			dependencies = (
			);
			name = AppStoreSearchApp;
			productName = AppStoreSearchApp;
			productReference = B26AA8562AB84C50002F5761 /* AppStoreSearchApp.app */;
			productType = "com.apple.product-type.application";
		};
		B26AA86B2AB84C52002F5761 /* AppStoreSearchAppTests */ = {
			isa = PBXNativeTarget;
			buildConfigurationList = B26AA8832AB84C52002F5761 /* Build configuration list for PBXNativeTarget "AppStoreSearchAppTests" */;
			buildPhases = (
				B26AA8682AB84C52002F5761 /* Sources */,
				B26AA8692AB84C52002F5761 /* Frameworks */,
				B26AA86A2AB84C52002F5761 /* Resources */,
			);
			buildRules = (
			);
			dependencies = (
				B26AA86E2AB84C52002F5761 /* PBXTargetDependency */,
			);
			name = AppStoreSearchAppTests;
			productName = AppStoreSearchAppTests;
			productReference = B26AA86C2AB84C52002F5761 /* AppStoreSearchAppTests.xctest */;
			productType = "com.apple.product-type.bundle.unit-test";
		};
/* End PBXNativeTarget section */

/* Begin PBXProject section */
		B26AA84E2AB84C50002F5761 /* Project object */ = {
			isa = PBXProject;
			attributes = {
				BuildIndependentTargetsInParallel = 1;
				LastSwiftUpdateCheck = 1430;
				LastUpgradeCheck = 1430;
				TargetAttributes = {
					B26AA8552AB84C50002F5761 = {
						CreatedOnToolsVersion = 14.3.1;
					};
					B26AA86B2AB84C52002F5761 = {
						CreatedOnToolsVersion = 14.3.1;
						TestTargetID = B26AA8552AB84C50002F5761;
					};
				};
			};
			buildConfigurationList = B26AA8512AB84C50002F5761 /* Build configuration list for PBXProject "AppStoreSearchApp" */;
			compatibilityVersion = "Xcode 14.0";
			developmentRegion = en;
			hasScannedForEncodings = 0;
			knownRegions = (
				en,
				Base,
			);
			mainGroup = B26AA84D2AB84C50002F5761;
			productRefGroup = B26AA8572AB84C50002F5761 /* Products */;
			projectDirPath = "";
			projectRoot = "";
			targets = (
				B26AA8552AB84C50002F5761 /* AppStoreSearchApp */,
				B26AA86B2AB84C52002F5761 /* AppStoreSearchAppTests */,
			);
		};
/* End PBXProject section */

/* Begin PBXResourcesBuildPhase section */
		B26AA8542AB84C50002F5761 /* Resources */ = {
			isa = PBXResourcesBuildPhase;
			buildActionMask = 2147483647;
			files = (
				B26AA8662AB84C52002F5761 /* LaunchScreen.storyboard in Resources */,
				B26AA8632AB84C52002F5761 /* Assets.xcassets in Resources */,
			);
			runOnlyForDeploymentPostprocessing = 0;
		};
		B26AA86A2AB84C52002F5761 /* Resources */ = {
			isa = PBXResourcesBuildPhase;
			buildActionMask = 2147483647;
			files = (
			);
			runOnlyForDeploymentPostprocessing = 0;
		};
/* End PBXResourcesBuildPhase section */

/* Begin PBXSourcesBuildPhase section */
		B26AA8522AB84C50002F5761 /* Sources */ = {
			isa = PBXSourcesBuildPhase;
			buildActionMask = 2147483647;
			files = (
				B26AA8B02AB86757002F5761 /* AppStoreSearchUIComposer.swift in Sources */,
				B26AA8952AB84FF1002F5761 /* Combine+DispatchQueue.swift in Sources */,
				B26AA89C2AB85AAE002F5761 /* Combine+LocalSearchTermLoader.swift in Sources */,
				B26AA85A2AB84C50002F5761 /* AppDelegate.swift in Sources */,
				B26AA8942AB84FF1002F5761 /* Combine+HTTPClient.swift in Sources */,
				B26AA8B62AB87118002F5761 /* RecentSearchTermViewAdapter.swift in Sources */,
				B2C62CA52AB963A700944326 /* AppsViewAdapter.swift in Sources */,
				B26AA85C2AB84C50002F5761 /* SceneDelegate.swift in Sources */,
				B26AA8BD2AB94D70002F5761 /* MatchedSearchTermsViewAdapter.swift in Sources */,
				B26AA8A32AB8650D002F5761 /* LoadResourcePresentationAdapter.swift in Sources */,
			);
			runOnlyForDeploymentPostprocessing = 0;
		};
		B26AA8682AB84C52002F5761 /* Sources */ = {
			isa = PBXSourcesBuildPhase;
			buildActionMask = 2147483647;
			files = (
				B26AA8712AB84C52002F5761 /* AppStoreSearchUIIntegrationTests.swift in Sources */,
				B26AA8B92AB873B9002F5761 /* XCTest+trackMemory.swift in Sources */,
			);
			runOnlyForDeploymentPostprocessing = 0;
		};
/* End PBXSourcesBuildPhase section */

/* Begin PBXTargetDependency section */
		B26AA86E2AB84C52002F5761 /* PBXTargetDependency */ = {
			isa = PBXTargetDependency;
			target = B26AA8552AB84C50002F5761 /* AppStoreSearchApp */;
			targetProxy = B26AA86D2AB84C52002F5761 /* PBXContainerItemProxy */;
		};
/* End PBXTargetDependency section */

/* Begin PBXVariantGroup section */
		B26AA8642AB84C52002F5761 /* LaunchScreen.storyboard */ = {
			isa = PBXVariantGroup;
			children = (
				B26AA8652AB84C52002F5761 /* Base */,
			);
			name = LaunchScreen.storyboard;
			sourceTree = "<group>";
		};
/* End PBXVariantGroup section */

/* Begin XCBuildConfiguration section */
		B26AA87E2AB84C52002F5761 /* Debug */ = {
			isa = XCBuildConfiguration;
			buildSettings = {
				ALWAYS_SEARCH_USER_PATHS = NO;
				CLANG_ANALYZER_NONNULL = YES;
				CLANG_ANALYZER_NUMBER_OBJECT_CONVERSION = YES_AGGRESSIVE;
				CLANG_CXX_LANGUAGE_STANDARD = "gnu++20";
				CLANG_ENABLE_MODULES = YES;
				CLANG_ENABLE_OBJC_ARC = YES;
				CLANG_ENABLE_OBJC_WEAK = YES;
				CLANG_WARN_BLOCK_CAPTURE_AUTORELEASING = YES;
				CLANG_WARN_BOOL_CONVERSION = YES;
				CLANG_WARN_COMMA = YES;
				CLANG_WARN_CONSTANT_CONVERSION = YES;
				CLANG_WARN_DEPRECATED_OBJC_IMPLEMENTATIONS = YES;
				CLANG_WARN_DIRECT_OBJC_ISA_USAGE = YES_ERROR;
				CLANG_WARN_DOCUMENTATION_COMMENTS = YES;
				CLANG_WARN_EMPTY_BODY = YES;
				CLANG_WARN_ENUM_CONVERSION = YES;
				CLANG_WARN_INFINITE_RECURSION = YES;
				CLANG_WARN_INT_CONVERSION = YES;
				CLANG_WARN_NON_LITERAL_NULL_CONVERSION = YES;
				CLANG_WARN_OBJC_IMPLICIT_RETAIN_SELF = YES;
				CLANG_WARN_OBJC_LITERAL_CONVERSION = YES;
				CLANG_WARN_OBJC_ROOT_CLASS = YES_ERROR;
				CLANG_WARN_QUOTED_INCLUDE_IN_FRAMEWORK_HEADER = YES;
				CLANG_WARN_RANGE_LOOP_ANALYSIS = YES;
				CLANG_WARN_STRICT_PROTOTYPES = YES;
				CLANG_WARN_SUSPICIOUS_MOVE = YES;
				CLANG_WARN_UNGUARDED_AVAILABILITY = YES_AGGRESSIVE;
				CLANG_WARN_UNREACHABLE_CODE = YES;
				CLANG_WARN__DUPLICATE_METHOD_MATCH = YES;
				COPY_PHASE_STRIP = NO;
				DEBUG_INFORMATION_FORMAT = dwarf;
				ENABLE_STRICT_OBJC_MSGSEND = YES;
				ENABLE_TESTABILITY = YES;
				GCC_C_LANGUAGE_STANDARD = gnu11;
				GCC_DYNAMIC_NO_PIC = NO;
				GCC_NO_COMMON_BLOCKS = YES;
				GCC_OPTIMIZATION_LEVEL = 0;
				GCC_PREPROCESSOR_DEFINITIONS = (
					"DEBUG=1",
					"$(inherited)",
				);
				GCC_WARN_64_TO_32_BIT_CONVERSION = YES;
				GCC_WARN_ABOUT_RETURN_TYPE = YES_ERROR;
				GCC_WARN_UNDECLARED_SELECTOR = YES;
				GCC_WARN_UNINITIALIZED_AUTOS = YES_AGGRESSIVE;
				GCC_WARN_UNUSED_FUNCTION = YES;
				GCC_WARN_UNUSED_VARIABLE = YES;
				IPHONEOS_DEPLOYMENT_TARGET = 13.0;
				MTL_ENABLE_DEBUG_INFO = INCLUDE_SOURCE;
				MTL_FAST_MATH = YES;
				ONLY_ACTIVE_ARCH = YES;
				SDKROOT = iphoneos;
				SWIFT_ACTIVE_COMPILATION_CONDITIONS = DEBUG;
				SWIFT_OPTIMIZATION_LEVEL = "-Onone";
			};
			name = Debug;
		};
		B26AA87F2AB84C52002F5761 /* Release */ = {
			isa = XCBuildConfiguration;
			buildSettings = {
				ALWAYS_SEARCH_USER_PATHS = NO;
				CLANG_ANALYZER_NONNULL = YES;
				CLANG_ANALYZER_NUMBER_OBJECT_CONVERSION = YES_AGGRESSIVE;
				CLANG_CXX_LANGUAGE_STANDARD = "gnu++20";
				CLANG_ENABLE_MODULES = YES;
				CLANG_ENABLE_OBJC_ARC = YES;
				CLANG_ENABLE_OBJC_WEAK = YES;
				CLANG_WARN_BLOCK_CAPTURE_AUTORELEASING = YES;
				CLANG_WARN_BOOL_CONVERSION = YES;
				CLANG_WARN_COMMA = YES;
				CLANG_WARN_CONSTANT_CONVERSION = YES;
				CLANG_WARN_DEPRECATED_OBJC_IMPLEMENTATIONS = YES;
				CLANG_WARN_DIRECT_OBJC_ISA_USAGE = YES_ERROR;
				CLANG_WARN_DOCUMENTATION_COMMENTS = YES;
				CLANG_WARN_EMPTY_BODY = YES;
				CLANG_WARN_ENUM_CONVERSION = YES;
				CLANG_WARN_INFINITE_RECURSION = YES;
				CLANG_WARN_INT_CONVERSION = YES;
				CLANG_WARN_NON_LITERAL_NULL_CONVERSION = YES;
				CLANG_WARN_OBJC_IMPLICIT_RETAIN_SELF = YES;
				CLANG_WARN_OBJC_LITERAL_CONVERSION = YES;
				CLANG_WARN_OBJC_ROOT_CLASS = YES_ERROR;
				CLANG_WARN_QUOTED_INCLUDE_IN_FRAMEWORK_HEADER = YES;
				CLANG_WARN_RANGE_LOOP_ANALYSIS = YES;
				CLANG_WARN_STRICT_PROTOTYPES = YES;
				CLANG_WARN_SUSPICIOUS_MOVE = YES;
				CLANG_WARN_UNGUARDED_AVAILABILITY = YES_AGGRESSIVE;
				CLANG_WARN_UNREACHABLE_CODE = YES;
				CLANG_WARN__DUPLICATE_METHOD_MATCH = YES;
				COPY_PHASE_STRIP = NO;
				DEBUG_INFORMATION_FORMAT = "dwarf-with-dsym";
				ENABLE_NS_ASSERTIONS = NO;
				ENABLE_STRICT_OBJC_MSGSEND = YES;
				GCC_C_LANGUAGE_STANDARD = gnu11;
				GCC_NO_COMMON_BLOCKS = YES;
				GCC_WARN_64_TO_32_BIT_CONVERSION = YES;
				GCC_WARN_ABOUT_RETURN_TYPE = YES_ERROR;
				GCC_WARN_UNDECLARED_SELECTOR = YES;
				GCC_WARN_UNINITIALIZED_AUTOS = YES_AGGRESSIVE;
				GCC_WARN_UNUSED_FUNCTION = YES;
				GCC_WARN_UNUSED_VARIABLE = YES;
				IPHONEOS_DEPLOYMENT_TARGET = 13.0;
				MTL_ENABLE_DEBUG_INFO = NO;
				MTL_FAST_MATH = YES;
				SDKROOT = iphoneos;
				SWIFT_COMPILATION_MODE = wholemodule;
				SWIFT_OPTIMIZATION_LEVEL = "-O";
				VALIDATE_PRODUCT = YES;
			};
			name = Release;
		};
		B26AA8812AB84C52002F5761 /* Debug */ = {
			isa = XCBuildConfiguration;
			buildSettings = {
				ASSETCATALOG_COMPILER_APPICON_NAME = AppIcon;
				ASSETCATALOG_COMPILER_GLOBAL_ACCENT_COLOR_NAME = AccentColor;
				CODE_SIGN_STYLE = Automatic;
				CURRENT_PROJECT_VERSION = 1;
				DEVELOPMENT_TEAM = 7DY6Z945T9;
				GENERATE_INFOPLIST_FILE = YES;
				INFOPLIST_FILE = AppStoreSearchApp/Info.plist;
				INFOPLIST_KEY_UIApplicationSupportsIndirectInputEvents = YES;
				INFOPLIST_KEY_UILaunchStoryboardName = LaunchScreen;
				INFOPLIST_KEY_UISupportedInterfaceOrientations_iPad = "UIInterfaceOrientationPortrait UIInterfaceOrientationPortraitUpsideDown UIInterfaceOrientationLandscapeLeft UIInterfaceOrientationLandscapeRight";
				INFOPLIST_KEY_UISupportedInterfaceOrientations_iPhone = "UIInterfaceOrientationPortrait UIInterfaceOrientationLandscapeLeft UIInterfaceOrientationLandscapeRight";
				LD_RUNPATH_SEARCH_PATHS = (
					"$(inherited)",
					"@executable_path/Frameworks",
				);
				MARKETING_VERSION = 1.0;
				PRODUCT_BUNDLE_IDENTIFIER = com.klioop.AppStoreSearchApp;
				PRODUCT_NAME = "$(TARGET_NAME)";
				SWIFT_EMIT_LOC_STRINGS = YES;
				SWIFT_VERSION = 5.0;
				TARGETED_DEVICE_FAMILY = "1,2";
			};
			name = Debug;
		};
		B26AA8822AB84C52002F5761 /* Release */ = {
			isa = XCBuildConfiguration;
			buildSettings = {
				ASSETCATALOG_COMPILER_APPICON_NAME = AppIcon;
				ASSETCATALOG_COMPILER_GLOBAL_ACCENT_COLOR_NAME = AccentColor;
				CODE_SIGN_STYLE = Automatic;
				CURRENT_PROJECT_VERSION = 1;
				DEVELOPMENT_TEAM = 7DY6Z945T9;
				GENERATE_INFOPLIST_FILE = YES;
				INFOPLIST_FILE = AppStoreSearchApp/Info.plist;
				INFOPLIST_KEY_UIApplicationSupportsIndirectInputEvents = YES;
				INFOPLIST_KEY_UILaunchStoryboardName = LaunchScreen;
				INFOPLIST_KEY_UISupportedInterfaceOrientations_iPad = "UIInterfaceOrientationPortrait UIInterfaceOrientationPortraitUpsideDown UIInterfaceOrientationLandscapeLeft UIInterfaceOrientationLandscapeRight";
				INFOPLIST_KEY_UISupportedInterfaceOrientations_iPhone = "UIInterfaceOrientationPortrait UIInterfaceOrientationLandscapeLeft UIInterfaceOrientationLandscapeRight";
				LD_RUNPATH_SEARCH_PATHS = (
					"$(inherited)",
					"@executable_path/Frameworks",
				);
				MARKETING_VERSION = 1.0;
				PRODUCT_BUNDLE_IDENTIFIER = com.klioop.AppStoreSearchApp;
				PRODUCT_NAME = "$(TARGET_NAME)";
				SWIFT_EMIT_LOC_STRINGS = YES;
				SWIFT_VERSION = 5.0;
				TARGETED_DEVICE_FAMILY = "1,2";
			};
			name = Release;
		};
		B26AA8842AB84C52002F5761 /* Debug */ = {
			isa = XCBuildConfiguration;
			buildSettings = {
				ALWAYS_EMBED_SWIFT_STANDARD_LIBRARIES = YES;
				BUNDLE_LOADER = "$(TEST_HOST)";
				CODE_SIGN_STYLE = Automatic;
				CURRENT_PROJECT_VERSION = 1;
				DEVELOPMENT_TEAM = 7DY6Z945T9;
				GENERATE_INFOPLIST_FILE = YES;
				IPHONEOS_DEPLOYMENT_TARGET = 13.0;
				MARKETING_VERSION = 1.0;
				PRODUCT_BUNDLE_IDENTIFIER = com.klioop.AppStoreSearchAppTests;
				PRODUCT_NAME = "$(TARGET_NAME)";
				SWIFT_EMIT_LOC_STRINGS = NO;
				SWIFT_VERSION = 5.0;
				TARGETED_DEVICE_FAMILY = "1,2";
				TEST_HOST = "$(BUILT_PRODUCTS_DIR)/AppStoreSearchApp.app/$(BUNDLE_EXECUTABLE_FOLDER_PATH)/AppStoreSearchApp";
			};
			name = Debug;
		};
		B26AA8852AB84C52002F5761 /* Release */ = {
			isa = XCBuildConfiguration;
			buildSettings = {
				ALWAYS_EMBED_SWIFT_STANDARD_LIBRARIES = YES;
				BUNDLE_LOADER = "$(TEST_HOST)";
				CODE_SIGN_STYLE = Automatic;
				CURRENT_PROJECT_VERSION = 1;
				DEVELOPMENT_TEAM = 7DY6Z945T9;
				GENERATE_INFOPLIST_FILE = YES;
				IPHONEOS_DEPLOYMENT_TARGET = 13.0;
				MARKETING_VERSION = 1.0;
				PRODUCT_BUNDLE_IDENTIFIER = com.klioop.AppStoreSearchAppTests;
				PRODUCT_NAME = "$(TARGET_NAME)";
				SWIFT_EMIT_LOC_STRINGS = NO;
				SWIFT_VERSION = 5.0;
				TARGETED_DEVICE_FAMILY = "1,2";
				TEST_HOST = "$(BUILT_PRODUCTS_DIR)/AppStoreSearchApp.app/$(BUNDLE_EXECUTABLE_FOLDER_PATH)/AppStoreSearchApp";
			};
			name = Release;
		};
/* End XCBuildConfiguration section */

/* Begin XCConfigurationList section */
		B26AA8512AB84C50002F5761 /* Build configuration list for PBXProject "AppStoreSearchApp" */ = {
			isa = XCConfigurationList;
			buildConfigurations = (
				B26AA87E2AB84C52002F5761 /* Debug */,
				B26AA87F2AB84C52002F5761 /* Release */,
			);
			defaultConfigurationIsVisible = 0;
			defaultConfigurationName = Release;
		};
		B26AA8802AB84C52002F5761 /* Build configuration list for PBXNativeTarget "AppStoreSearchApp" */ = {
			isa = XCConfigurationList;
			buildConfigurations = (
				B26AA8812AB84C52002F5761 /* Debug */,
				B26AA8822AB84C52002F5761 /* Release */,
			);
			defaultConfigurationIsVisible = 0;
			defaultConfigurationName = Release;
		};
		B26AA8832AB84C52002F5761 /* Build configuration list for PBXNativeTarget "AppStoreSearchAppTests" */ = {
			isa = XCConfigurationList;
			buildConfigurations = (
				B26AA8842AB84C52002F5761 /* Debug */,
				B26AA8852AB84C52002F5761 /* Release */,
			);
			defaultConfigurationIsVisible = 0;
			defaultConfigurationName = Release;
		};
/* End XCConfigurationList section */
	};
	rootObject = B26AA84E2AB84C50002F5761 /* Project object */;
}
