// !$*UTF8*$!
{
	archiveVersion = 1;
	classes = {
	};
	objectVersion = 56;
	objects = {

/* Begin PBXBuildFile section */
		B23A6ACD2AB5D964006067F7 /* AppStoreSearchResultCellController.swift in Sources */ = {isa = PBXBuildFile; fileRef = B23A6ACC2AB5D964006067F7 /* AppStoreSearchResultCellController.swift */; };
		B23A6ACF2AB5DBEA006067F7 /* APPSTORE_SEARCH_RESULT_light.png in Resources */ = {isa = PBXBuildFile; fileRef = B23A6ACE2AB5DBEA006067F7 /* APPSTORE_SEARCH_RESULT_light.png */; };
		B23A6AD92AB68E3D006067F7 /* AppTitleCell.swift in Sources */ = {isa = PBXBuildFile; fileRef = B23A6AD82AB68E3D006067F7 /* AppTitleCell.swift */; };
		B23A6ADB2AB691B4006067F7 /* AppTitleCellController.swift in Sources */ = {isa = PBXBuildFile; fileRef = B23A6ADA2AB691B4006067F7 /* AppTitleCellController.swift */; };
		B23A6AE12AB692E2006067F7 /* AppHeaderView.swift in Sources */ = {isa = PBXBuildFile; fileRef = B23A6AE02AB692E2006067F7 /* AppHeaderView.swift */; };
		B23A6AE32AB693CE006067F7 /* AppHeaderViewController.swift in Sources */ = {isa = PBXBuildFile; fileRef = B23A6AE22AB693CE006067F7 /* AppHeaderViewController.swift */; };
		B23A6AE62AB69459006067F7 /* AppUISnapshotTests.swift in Sources */ = {isa = PBXBuildFile; fileRef = B23A6AE52AB69459006067F7 /* AppUISnapshotTests.swift */; };
		B23A6AE82AB69488006067F7 /* AppContainerViewController.swift in Sources */ = {isa = PBXBuildFile; fileRef = B23A6AE72AB69488006067F7 /* AppContainerViewController.swift */; };
		B23A6AEB2AB698F0006067F7 /* APP_light.png in Resources */ = {isa = PBXBuildFile; fileRef = B23A6AEA2AB698F0006067F7 /* APP_light.png */; };
		B23A6AEF2AB69C69006067F7 /* AppDescriptionCell.swift in Sources */ = {isa = PBXBuildFile; fileRef = B23A6AEE2AB69C69006067F7 /* AppDescriptionCell.swift */; };
		B23A6AF12AB69C97006067F7 /* AppDescriptionRatingView.swift in Sources */ = {isa = PBXBuildFile; fileRef = B23A6AF02AB69C97006067F7 /* AppDescriptionRatingView.swift */; };
		B23A6AF32AB6A694006067F7 /* AppDescriptionCellController.swift in Sources */ = {isa = PBXBuildFile; fileRef = B23A6AF22AB6A694006067F7 /* AppDescriptionCellController.swift */; };
		B23A6AF72AB6A871006067F7 /* AppDescriptionGeneralInfoView.swift in Sources */ = {isa = PBXBuildFile; fileRef = B23A6AF62AB6A871006067F7 /* AppDescriptionGeneralInfoView.swift */; };
		B23A6AFB2AB6AEA4006067F7 /* AppNewFeatureCell.swift in Sources */ = {isa = PBXBuildFile; fileRef = B23A6AFA2AB6AEA4006067F7 /* AppNewFeatureCell.swift */; };
		B23A6AFD2AB6B179006067F7 /* AppNewFeatureCellController.swift in Sources */ = {isa = PBXBuildFile; fileRef = B23A6AFC2AB6B179006067F7 /* AppNewFeatureCellController.swift */; };
		B23A6B042AB6BDC9006067F7 /* UITableView+dequeueing.swift in Sources */ = {isa = PBXBuildFile; fileRef = B23A6B002AB6BDC9006067F7 /* UITableView+dequeueing.swift */; };
		B23A6B052AB6BDC9006067F7 /* UICollectionView+dequeueing.swift in Sources */ = {isa = PBXBuildFile; fileRef = B23A6B012AB6BDC9006067F7 /* UICollectionView+dequeueing.swift */; };
		B23A6B062AB6BDC9006067F7 /* UICollectionView+register.swift in Sources */ = {isa = PBXBuildFile; fileRef = B23A6B022AB6BDC9006067F7 /* UICollectionView+register.swift */; };
		B23A6B072AB6BDC9006067F7 /* UITableView+register.swift in Sources */ = {isa = PBXBuildFile; fileRef = B23A6B032AB6BDC9006067F7 /* UITableView+register.swift */; };
		B23A6B0A2AB6BE85006067F7 /* AppGalleryLayout.swift in Sources */ = {isa = PBXBuildFile; fileRef = B23A6B092AB6BE85006067F7 /* AppGalleryLayout.swift */; };
		B23A6B0C2AB6CDC3006067F7 /* AppGalleryCell.swift in Sources */ = {isa = PBXBuildFile; fileRef = B23A6B0B2AB6CDC3006067F7 /* AppGalleryCell.swift */; };
		B23A6B0E2AB6CE2E006067F7 /* AppGalleryCellController.swift in Sources */ = {isa = PBXBuildFile; fileRef = B23A6B0D2AB6CE2E006067F7 /* AppGalleryCellController.swift */; };
		B23A6B102AB6CEE7006067F7 /* AppPreviewCell.swift in Sources */ = {isa = PBXBuildFile; fileRef = B23A6B0F2AB6CEE7006067F7 /* AppPreviewCell.swift */; };
		B23A6B122AB6D021006067F7 /* AppPreviewCellController.swift in Sources */ = {isa = PBXBuildFile; fileRef = B23A6B112AB6D021006067F7 /* AppPreviewCellController.swift */; };
		B23A6B302AB6F267006067F7 /* AppStoreSearch.framework in Frameworks */ = {isa = PBXBuildFile; fileRef = B23A6B282AB6F267006067F7 /* AppStoreSearch.framework */; };
		B23A6B3D2AB6F33D006067F7 /* AppStoreSearchResultViewModel.swift in Sources */ = {isa = PBXBuildFile; fileRef = B23A6AD22AB688A4006067F7 /* AppStoreSearchResultViewModel.swift */; };
		B23A6B3E2AB6F341006067F7 /* AppStoreRecentSearchTermViewModel.swift in Sources */ = {isa = PBXBuildFile; fileRef = B2A3B6B62AB5815E007B1B75 /* AppStoreRecentSearchTermViewModel.swift */; };
		B23A6B3F2AB6F344006067F7 /* AppStoreSearchViewModel.swift in Sources */ = {isa = PBXBuildFile; fileRef = B2A3B6B12AB57F1F007B1B75 /* AppStoreSearchViewModel.swift */; };
		B23A6B402AB6F348006067F7 /* AppTitleViewModel.swift in Sources */ = {isa = PBXBuildFile; fileRef = B23A6ADE2AB69237006067F7 /* AppTitleViewModel.swift */; };
		B23A6B412AB6F34B006067F7 /* AppDescriptionViewModel.swift in Sources */ = {isa = PBXBuildFile; fileRef = B23A6AF42AB6A829006067F7 /* AppDescriptionViewModel.swift */; };
		B23A6B422AB6F34E006067F7 /* AppNewFeatureViewModel.swift in Sources */ = {isa = PBXBuildFile; fileRef = B23A6AFE2AB6B301006067F7 /* AppNewFeatureViewModel.swift */; };
		B23A6B442AB6F382006067F7 /* AppStoreSearch.framework in Frameworks */ = {isa = PBXBuildFile; fileRef = B23A6B282AB6F267006067F7 /* AppStoreSearch.framework */; };
		B23A6B452AB6F382006067F7 /* AppStoreSearch.framework in Embed Frameworks */ = {isa = PBXBuildFile; fileRef = B23A6B282AB6F267006067F7 /* AppStoreSearch.framework */; settings = {ATTRIBUTES = (CodeSignOnCopy, RemoveHeadersOnCopy, ); }; };
		B23A6B492AB6F42C006067F7 /* AppStoreSearchEndPointTests.swift in Sources */ = {isa = PBXBuildFile; fileRef = B23A6B1F2AB6E5FE006067F7 /* AppStoreSearchEndPointTests.swift */; };
		B23A6B4A2AB6F43C006067F7 /* AppStoreSearchEndPoint.swift in Sources */ = {isa = PBXBuildFile; fileRef = B23A6B1C2AB6E53A006067F7 /* AppStoreSearchEndPoint.swift */; };
		B23A6B4B2AB6F440006067F7 /* HTTPClient.swift in Sources */ = {isa = PBXBuildFile; fileRef = B23A6B172AB6E26D006067F7 /* HTTPClient.swift */; };
		B23A6B4C2AB6F443006067F7 /* URLSessionHTTPClient.swift in Sources */ = {isa = PBXBuildFile; fileRef = B23A6B182AB6E26D006067F7 /* URLSessionHTTPClient.swift */; };
		B23A6B502AB6F564006067F7 /* App.swift in Sources */ = {isa = PBXBuildFile; fileRef = B23A6B4F2AB6F564006067F7 /* App.swift */; };
		B23A6B522AB6F7E1006067F7 /* AppMapper.swift in Sources */ = {isa = PBXBuildFile; fileRef = B23A6B512AB6F7E1006067F7 /* AppMapper.swift */; };
		B242D7BC2AB9BC2A001195BF /* ImageDataMapper.swift in Sources */ = {isa = PBXBuildFile; fileRef = B242D7BB2AB9BC2A001195BF /* ImageDataMapper.swift */; };
		B26AA83B2AB72A5B002F5761 /* LocalSearchTermLoader.swift in Sources */ = {isa = PBXBuildFile; fileRef = B26AA83A2AB72A5B002F5761 /* LocalSearchTermLoader.swift */; };
		B26AA83D2AB72A98002F5761 /* SearchTermStore.swift in Sources */ = {isa = PBXBuildFile; fileRef = B26AA83C2AB72A98002F5761 /* SearchTermStore.swift */; };
		B26AA83F2AB72D7E002F5761 /* LoadLocalSearchTermUseCasesTests.swift in Sources */ = {isa = PBXBuildFile; fileRef = B26AA83E2AB72D7E002F5761 /* LoadLocalSearchTermUseCasesTests.swift */; };
		B26AA8422AB7384A002F5761 /* SearchTermStoreSpy.swift in Sources */ = {isa = PBXBuildFile; fileRef = B26AA8412AB7384A002F5761 /* SearchTermStoreSpy.swift */; };
		B26AA8442AB7388C002F5761 /* SearchTermTestsHelpers.swift in Sources */ = {isa = PBXBuildFile; fileRef = B26AA8432AB7388C002F5761 /* SearchTermTestsHelpers.swift */; };
		B26AA8462AB738B8002F5761 /* XCTestCase+trackMemoryLeak.swift in Sources */ = {isa = PBXBuildFile; fileRef = B26AA8452AB738B8002F5761 /* XCTestCase+trackMemoryLeak.swift */; };
		B26AA8482AB74095002F5761 /* UserDefaultsSearchTermStore.swift in Sources */ = {isa = PBXBuildFile; fileRef = B26AA8472AB74095002F5761 /* UserDefaultsSearchTermStore.swift */; };
		B26AA89A2AB858AC002F5761 /* SearchTerm.swift in Sources */ = {isa = PBXBuildFile; fileRef = B26AA8992AB858AC002F5761 /* SearchTerm.swift */; };
		B26AA89F2AB85D9B002F5761 /* AppStoreSearchPresenterTests.swift in Sources */ = {isa = PBXBuildFile; fileRef = B26AA89E2AB85D9B002F5761 /* AppStoreSearchPresenterTests.swift */; };
		B26AA8A12AB85E80002F5761 /* AppStoreSearchPresenter.swift in Sources */ = {isa = PBXBuildFile; fileRef = B26AA8A02AB85E80002F5761 /* AppStoreSearchPresenter.swift */; };
		B26AA8A62AB8656F002F5761 /* LoadResourcePresenter.swift in Sources */ = {isa = PBXBuildFile; fileRef = B26AA8A52AB8656F002F5761 /* LoadResourcePresenter.swift */; };
		B26AA8A82AB8659A002F5761 /* ResourceLoadingView.swift in Sources */ = {isa = PBXBuildFile; fileRef = B26AA8A72AB8659A002F5761 /* ResourceLoadingView.swift */; };
		B26AA8AA2AB865A2002F5761 /* ResourceErrorView.swift in Sources */ = {isa = PBXBuildFile; fileRef = B26AA8A92AB865A2002F5761 /* ResourceErrorView.swift */; };
		B26AA8AC2AB865DB002F5761 /* ResourceLoadingViewModel.swift in Sources */ = {isa = PBXBuildFile; fileRef = B26AA8AB2AB865DB002F5761 /* ResourceLoadingViewModel.swift */; };
		B26AA8AE2AB8660A002F5761 /* ResourceErrorViewModel.swift in Sources */ = {isa = PBXBuildFile; fileRef = B26AA8AD2AB8660A002F5761 /* ResourceErrorViewModel.swift */; };
		B26AA8B22AB86F14002F5761 /* AppStoreRecentSearchTermPresenterTests.swift in Sources */ = {isa = PBXBuildFile; fileRef = B26AA8B12AB86F14002F5761 /* AppStoreRecentSearchTermPresenterTests.swift */; };
		B26AA8B42AB8701C002F5761 /* AppStoreRecentSearchTermPresenter.swift in Sources */ = {isa = PBXBuildFile; fileRef = B26AA8B32AB8701C002F5761 /* AppStoreRecentSearchTermPresenter.swift */; };
		B26AA8BB2AB88C81002F5761 /* AppGalleryOnSearchLayout.swift in Sources */ = {isa = PBXBuildFile; fileRef = B26AA8BA2AB88C81002F5761 /* AppGalleryOnSearchLayout.swift */; };
		B2783E972AB9F6E200493F4F /* AppNewFeaturePresenter.swift in Sources */ = {isa = PBXBuildFile; fileRef = B2783E962AB9F6E200493F4F /* AppNewFeaturePresenter.swift */; };
		B2A3B66F2AB55898007B1B75 /* AppStoreSearchiOS.framework in Frameworks */ = {isa = PBXBuildFile; fileRef = B2A3B6662AB55898007B1B75 /* AppStoreSearchiOS.framework */; };
		B2A3B6802AB55B47007B1B75 /* AppStoreSearchView.swift in Sources */ = {isa = PBXBuildFile; fileRef = B2A3B67F2AB55B47007B1B75 /* AppStoreSearchView.swift */; };
		B2A3B6832AB55B7B007B1B75 /* SnapKit in Frameworks */ = {isa = PBXBuildFile; productRef = B2A3B6822AB55B7B007B1B75 /* SnapKit */; };
		B2A3B6852AB56013007B1B75 /* ScreenSafeArea.swift in Sources */ = {isa = PBXBuildFile; fileRef = B2A3B6842AB56013007B1B75 /* ScreenSafeArea.swift */; };
		B2A3B6872AB564C0007B1B75 /* AppStoreSearchContainerViewController.swift in Sources */ = {isa = PBXBuildFile; fileRef = B2A3B6862AB564C0007B1B75 /* AppStoreSearchContainerViewController.swift */; };
		B2A3B68F2AB56609007B1B75 /* XCTestCase+SnapshotHelpers.swift in Sources */ = {isa = PBXBuildFile; fileRef = B2A3B68D2AB56609007B1B75 /* XCTestCase+SnapshotHelpers.swift */; };
		B2A3B6902AB56609007B1B75 /* UIViewController+snapshot.swift in Sources */ = {isa = PBXBuildFile; fileRef = B2A3B68E2AB56609007B1B75 /* UIViewController+snapshot.swift */; };
		B2A3B6942AB566E6007B1B75 /* AppStoreSearchUISnapshotTests.swift in Sources */ = {isa = PBXBuildFile; fileRef = B2A3B6932AB566E6007B1B75 /* AppStoreSearchUISnapshotTests.swift */; };
		B2A3B6992AB568B2007B1B75 /* APPSTORE_SEARCH_WITH_RECENT_TERMS_light.png in Resources */ = {isa = PBXBuildFile; fileRef = B2A3B6982AB568B2007B1B75 /* APPSTORE_SEARCH_WITH_RECENT_TERMS_light.png */; };
		B2A3B69D2AB56AB8007B1B75 /* RefreshController.swift in Sources */ = {isa = PBXBuildFile; fileRef = B2A3B69A2AB56AB8007B1B75 /* RefreshController.swift */; };
		B2A3B69E2AB56AB8007B1B75 /* ListVIewController.swift in Sources */ = {isa = PBXBuildFile; fileRef = B2A3B69B2AB56AB8007B1B75 /* ListVIewController.swift */; };
		B2A3B69F2AB56AB8007B1B75 /* CollectionListViewController.swift in Sources */ = {isa = PBXBuildFile; fileRef = B2A3B69C2AB56AB8007B1B75 /* CollectionListViewController.swift */; };
		B2A3B6A22AB56AD3007B1B75 /* CellController.swift in Sources */ = {isa = PBXBuildFile; fileRef = B2A3B6A02AB56AD3007B1B75 /* CellController.swift */; };
		B2A3B6A32AB56AD3007B1B75 /* TableCellController.swift in Sources */ = {isa = PBXBuildFile; fileRef = B2A3B6A12AB56AD3007B1B75 /* TableCellController.swift */; };
		B2A3B6A62AB56C97007B1B75 /* AppStoreRecentSearchTitleCell.swift in Sources */ = {isa = PBXBuildFile; fileRef = B2A3B6A52AB56C97007B1B75 /* AppStoreRecentSearchTitleCell.swift */; };
		B2A3B6A82AB56D7C007B1B75 /* AppStoreRecentSearchTitleCellController.swift in Sources */ = {isa = PBXBuildFile; fileRef = B2A3B6A72AB56D7C007B1B75 /* AppStoreRecentSearchTitleCellController.swift */; };
		B2A3B6AA2AB56E06007B1B75 /* AppStoreRecentSearchTermCell.swift in Sources */ = {isa = PBXBuildFile; fileRef = B2A3B6A92AB56E06007B1B75 /* AppStoreRecentSearchTermCell.swift */; };
		B2A3B6AC2AB56FB9007B1B75 /* AppStoreRecentSearchTermCellController.swift in Sources */ = {isa = PBXBuildFile; fileRef = B2A3B6AB2AB56FB9007B1B75 /* AppStoreRecentSearchTermCellController.swift */; };
		B2A3B6AE2AB579FF007B1B75 /* AppStoreSearchViewController.swift in Sources */ = {isa = PBXBuildFile; fileRef = B2A3B6AD2AB579FF007B1B75 /* AppStoreSearchViewController.swift */; };
		B2A3B6B02AB57B7F007B1B75 /* APPSTORE_SEARCH_WITHOUT_RECENT_TERMS_light.png in Resources */ = {isa = PBXBuildFile; fileRef = B2A3B6AF2AB57B7F007B1B75 /* APPSTORE_SEARCH_WITHOUT_RECENT_TERMS_light.png */; };
		B2A3B6B42AB57F7F007B1B75 /* APPSTORE_SEARCH_WITH_MATCHED_RECENT_TERMS_light.png in Resources */ = {isa = PBXBuildFile; fileRef = B2A3B6B32AB57F7F007B1B75 /* APPSTORE_SEARCH_WITH_MATCHED_RECENT_TERMS_light.png */; };
		B2A3B6B92AB58340007B1B75 /* AppStoreSearchRatingMaskingView.swift in Sources */ = {isa = PBXBuildFile; fileRef = B2A3B6B82AB58340007B1B75 /* AppStoreSearchRatingMaskingView.swift */; };
		B2A3B6BB2AB58766007B1B75 /* AppStoreSearchResultCell.swift in Sources */ = {isa = PBXBuildFile; fileRef = B2A3B6BA2AB58766007B1B75 /* AppStoreSearchResultCell.swift */; };
		B2A3B6BD2AB588F0007B1B75 /* AppStoreSearchResultRatingView.swift in Sources */ = {isa = PBXBuildFile; fileRef = B2A3B6BC2AB588F0007B1B75 /* AppStoreSearchResultRatingView.swift */; };
		B2C62CA72AB96EFD00944326 /* AppStoreSearchFoundAppPresenterTests.swift in Sources */ = {isa = PBXBuildFile; fileRef = B2C62CA62AB96EFD00944326 /* AppStoreSearchFoundAppPresenterTests.swift */; };
		B2C62CA92AB9796300944326 /* AppStoreAppPresenter.swift in Sources */ = {isa = PBXBuildFile; fileRef = B2C62CA82AB9796300944326 /* AppStoreAppPresenter.swift */; };
		B2C62CAC2AB9799C00944326 /* Double+formatted.swift in Sources */ = {isa = PBXBuildFile; fileRef = B2C62CAB2AB9799C00944326 /* Double+formatted.swift */; };
		B2C62CAE2AB97FDE00944326 /* ShimmeringView.swift in Sources */ = {isa = PBXBuildFile; fileRef = B2C62CAD2AB97FDE00944326 /* ShimmeringView.swift */; };
		B2F15B1E2AB70B8A00158D5A /* AppStoreSearchAPIEndToEndTests.swift in Sources */ = {isa = PBXBuildFile; fileRef = B2F15B1D2AB70B8A00158D5A /* AppStoreSearchAPIEndToEndTests.swift */; };
		B2F15B1F2AB70B8A00158D5A /* AppStoreSearch.framework in Frameworks */ = {isa = PBXBuildFile; fileRef = B23A6B282AB6F267006067F7 /* AppStoreSearch.framework */; };
		B2F15B282AB71A4800158D5A /* LocalSearchTerm.swift in Sources */ = {isa = PBXBuildFile; fileRef = B2F15B272AB71A4800158D5A /* LocalSearchTerm.swift */; };
		B2F15B2B2AB71B2700158D5A /* CacheLocalSearchTermUseCasesTests.swift in Sources */ = {isa = PBXBuildFile; fileRef = B2F15B2A2AB71B2700158D5A /* CacheLocalSearchTermUseCasesTests.swift */; };
/* End PBXBuildFile section */

/* Begin PBXContainerItemProxy section */
		B23A6B312AB6F267006067F7 /* PBXContainerItemProxy */ = {
			isa = PBXContainerItemProxy;
			containerPortal = B2A3B65D2AB55898007B1B75 /* Project object */;
			proxyType = 1;
			remoteGlobalIDString = B23A6B272AB6F267006067F7;
			remoteInfo = AppStoreSearch;
		};
		B23A6B462AB6F382006067F7 /* PBXContainerItemProxy */ = {
			isa = PBXContainerItemProxy;
			containerPortal = B2A3B65D2AB55898007B1B75 /* Project object */;
			proxyType = 1;
			remoteGlobalIDString = B23A6B272AB6F267006067F7;
			remoteInfo = AppStoreSearch;
		};
		B2A3B6702AB55898007B1B75 /* PBXContainerItemProxy */ = {
			isa = PBXContainerItemProxy;
			containerPortal = B2A3B65D2AB55898007B1B75 /* Project object */;
			proxyType = 1;
			remoteGlobalIDString = B2A3B6652AB55898007B1B75;
			remoteInfo = AppStoreSearchiOS;
		};
		B2F15B202AB70B8A00158D5A /* PBXContainerItemProxy */ = {
			isa = PBXContainerItemProxy;
			containerPortal = B2A3B65D2AB55898007B1B75 /* Project object */;
			proxyType = 1;
			remoteGlobalIDString = B23A6B272AB6F267006067F7;
			remoteInfo = AppStoreSearch;
		};
/* End PBXContainerItemProxy section */

/* Begin PBXCopyFilesBuildPhase section */
		B23A6B482AB6F382006067F7 /* Embed Frameworks */ = {
			isa = PBXCopyFilesBuildPhase;
			buildActionMask = 2147483647;
			dstPath = "";
			dstSubfolderSpec = 10;
			files = (
				B23A6B452AB6F382006067F7 /* AppStoreSearch.framework in Embed Frameworks */,
			);
			name = "Embed Frameworks";
			runOnlyForDeploymentPostprocessing = 0;
		};
/* End PBXCopyFilesBuildPhase section */

/* Begin PBXFileReference section */
		B23A6ACC2AB5D964006067F7 /* AppStoreSearchResultCellController.swift */ = {isa = PBXFileReference; lastKnownFileType = sourcecode.swift; path = AppStoreSearchResultCellController.swift; sourceTree = "<group>"; };
		B23A6ACE2AB5DBEA006067F7 /* APPSTORE_SEARCH_RESULT_light.png */ = {isa = PBXFileReference; lastKnownFileType = image.png; path = APPSTORE_SEARCH_RESULT_light.png; sourceTree = "<group>"; };
		B23A6AD22AB688A4006067F7 /* AppStoreSearchResultViewModel.swift */ = {isa = PBXFileReference; lastKnownFileType = sourcecode.swift; path = AppStoreSearchResultViewModel.swift; sourceTree = "<group>"; };
		B23A6AD82AB68E3D006067F7 /* AppTitleCell.swift */ = {isa = PBXFileReference; lastKnownFileType = sourcecode.swift; path = AppTitleCell.swift; sourceTree = "<group>"; };
		B23A6ADA2AB691B4006067F7 /* AppTitleCellController.swift */ = {isa = PBXFileReference; lastKnownFileType = sourcecode.swift; path = AppTitleCellController.swift; sourceTree = "<group>"; };
		B23A6ADE2AB69237006067F7 /* AppTitleViewModel.swift */ = {isa = PBXFileReference; lastKnownFileType = sourcecode.swift; path = AppTitleViewModel.swift; sourceTree = "<group>"; };
		B23A6AE02AB692E2006067F7 /* AppHeaderView.swift */ = {isa = PBXFileReference; lastKnownFileType = sourcecode.swift; path = AppHeaderView.swift; sourceTree = "<group>"; };
		B23A6AE22AB693CE006067F7 /* AppHeaderViewController.swift */ = {isa = PBXFileReference; lastKnownFileType = sourcecode.swift; path = AppHeaderViewController.swift; sourceTree = "<group>"; };
		B23A6AE52AB69459006067F7 /* AppUISnapshotTests.swift */ = {isa = PBXFileReference; lastKnownFileType = sourcecode.swift; path = AppUISnapshotTests.swift; sourceTree = "<group>"; };
		B23A6AE72AB69488006067F7 /* AppContainerViewController.swift */ = {isa = PBXFileReference; lastKnownFileType = sourcecode.swift; path = AppContainerViewController.swift; sourceTree = "<group>"; };
		B23A6AEA2AB698F0006067F7 /* APP_light.png */ = {isa = PBXFileReference; lastKnownFileType = image.png; path = APP_light.png; sourceTree = "<group>"; };
		B23A6AEE2AB69C69006067F7 /* AppDescriptionCell.swift */ = {isa = PBXFileReference; lastKnownFileType = sourcecode.swift; path = AppDescriptionCell.swift; sourceTree = "<group>"; };
		B23A6AF02AB69C97006067F7 /* AppDescriptionRatingView.swift */ = {isa = PBXFileReference; lastKnownFileType = sourcecode.swift; path = AppDescriptionRatingView.swift; sourceTree = "<group>"; };
		B23A6AF22AB6A694006067F7 /* AppDescriptionCellController.swift */ = {isa = PBXFileReference; lastKnownFileType = sourcecode.swift; path = AppDescriptionCellController.swift; sourceTree = "<group>"; };
		B23A6AF42AB6A829006067F7 /* AppDescriptionViewModel.swift */ = {isa = PBXFileReference; lastKnownFileType = sourcecode.swift; path = AppDescriptionViewModel.swift; sourceTree = "<group>"; };
		B23A6AF62AB6A871006067F7 /* AppDescriptionGeneralInfoView.swift */ = {isa = PBXFileReference; lastKnownFileType = sourcecode.swift; path = AppDescriptionGeneralInfoView.swift; sourceTree = "<group>"; };
		B23A6AFA2AB6AEA4006067F7 /* AppNewFeatureCell.swift */ = {isa = PBXFileReference; lastKnownFileType = sourcecode.swift; path = AppNewFeatureCell.swift; sourceTree = "<group>"; };
		B23A6AFC2AB6B179006067F7 /* AppNewFeatureCellController.swift */ = {isa = PBXFileReference; lastKnownFileType = sourcecode.swift; path = AppNewFeatureCellController.swift; sourceTree = "<group>"; };
		B23A6AFE2AB6B301006067F7 /* AppNewFeatureViewModel.swift */ = {isa = PBXFileReference; lastKnownFileType = sourcecode.swift; path = AppNewFeatureViewModel.swift; sourceTree = "<group>"; };
		B23A6B002AB6BDC9006067F7 /* UITableView+dequeueing.swift */ = {isa = PBXFileReference; fileEncoding = 4; lastKnownFileType = sourcecode.swift; path = "UITableView+dequeueing.swift"; sourceTree = "<group>"; };
		B23A6B012AB6BDC9006067F7 /* UICollectionView+dequeueing.swift */ = {isa = PBXFileReference; fileEncoding = 4; lastKnownFileType = sourcecode.swift; path = "UICollectionView+dequeueing.swift"; sourceTree = "<group>"; };
		B23A6B022AB6BDC9006067F7 /* UICollectionView+register.swift */ = {isa = PBXFileReference; fileEncoding = 4; lastKnownFileType = sourcecode.swift; path = "UICollectionView+register.swift"; sourceTree = "<group>"; };
		B23A6B032AB6BDC9006067F7 /* UITableView+register.swift */ = {isa = PBXFileReference; fileEncoding = 4; lastKnownFileType = sourcecode.swift; path = "UITableView+register.swift"; sourceTree = "<group>"; };
		B23A6B092AB6BE85006067F7 /* AppGalleryLayout.swift */ = {isa = PBXFileReference; lastKnownFileType = sourcecode.swift; path = AppGalleryLayout.swift; sourceTree = "<group>"; };
		B23A6B0B2AB6CDC3006067F7 /* AppGalleryCell.swift */ = {isa = PBXFileReference; lastKnownFileType = sourcecode.swift; path = AppGalleryCell.swift; sourceTree = "<group>"; };
		B23A6B0D2AB6CE2E006067F7 /* AppGalleryCellController.swift */ = {isa = PBXFileReference; lastKnownFileType = sourcecode.swift; path = AppGalleryCellController.swift; sourceTree = "<group>"; };
		B23A6B0F2AB6CEE7006067F7 /* AppPreviewCell.swift */ = {isa = PBXFileReference; lastKnownFileType = sourcecode.swift; path = AppPreviewCell.swift; sourceTree = "<group>"; };
		B23A6B112AB6D021006067F7 /* AppPreviewCellController.swift */ = {isa = PBXFileReference; lastKnownFileType = sourcecode.swift; path = AppPreviewCellController.swift; sourceTree = "<group>"; };
		B23A6B172AB6E26D006067F7 /* HTTPClient.swift */ = {isa = PBXFileReference; fileEncoding = 4; lastKnownFileType = sourcecode.swift; path = HTTPClient.swift; sourceTree = "<group>"; };
		B23A6B182AB6E26D006067F7 /* URLSessionHTTPClient.swift */ = {isa = PBXFileReference; fileEncoding = 4; lastKnownFileType = sourcecode.swift; path = URLSessionHTTPClient.swift; sourceTree = "<group>"; };
		B23A6B1C2AB6E53A006067F7 /* AppStoreSearchEndPoint.swift */ = {isa = PBXFileReference; lastKnownFileType = sourcecode.swift; path = AppStoreSearchEndPoint.swift; sourceTree = "<group>"; };
		B23A6B1F2AB6E5FE006067F7 /* AppStoreSearchEndPointTests.swift */ = {isa = PBXFileReference; lastKnownFileType = sourcecode.swift; path = AppStoreSearchEndPointTests.swift; sourceTree = "<group>"; };
		B23A6B282AB6F267006067F7 /* AppStoreSearch.framework */ = {isa = PBXFileReference; explicitFileType = wrapper.framework; includeInIndex = 0; path = AppStoreSearch.framework; sourceTree = BUILT_PRODUCTS_DIR; };
		B23A6B2F2AB6F267006067F7 /* AppStoreSearchTests.xctest */ = {isa = PBXFileReference; explicitFileType = wrapper.cfbundle; includeInIndex = 0; path = AppStoreSearchTests.xctest; sourceTree = BUILT_PRODUCTS_DIR; };
		B23A6B4D2AB6F48F006067F7 /* AppStoreSearch.xctestplan */ = {isa = PBXFileReference; lastKnownFileType = text; path = AppStoreSearch.xctestplan; sourceTree = "<group>"; };
		B23A6B4F2AB6F564006067F7 /* App.swift */ = {isa = PBXFileReference; lastKnownFileType = sourcecode.swift; path = App.swift; sourceTree = "<group>"; };
		B23A6B512AB6F7E1006067F7 /* AppMapper.swift */ = {isa = PBXFileReference; lastKnownFileType = sourcecode.swift; path = AppMapper.swift; sourceTree = "<group>"; };
		B242D7BB2AB9BC2A001195BF /* ImageDataMapper.swift */ = {isa = PBXFileReference; lastKnownFileType = sourcecode.swift; path = ImageDataMapper.swift; sourceTree = "<group>"; };
		B26AA83A2AB72A5B002F5761 /* LocalSearchTermLoader.swift */ = {isa = PBXFileReference; lastKnownFileType = sourcecode.swift; path = LocalSearchTermLoader.swift; sourceTree = "<group>"; };
		B26AA83C2AB72A98002F5761 /* SearchTermStore.swift */ = {isa = PBXFileReference; lastKnownFileType = sourcecode.swift; path = SearchTermStore.swift; sourceTree = "<group>"; };
		B26AA83E2AB72D7E002F5761 /* LoadLocalSearchTermUseCasesTests.swift */ = {isa = PBXFileReference; lastKnownFileType = sourcecode.swift; path = LoadLocalSearchTermUseCasesTests.swift; sourceTree = "<group>"; };
		B26AA8412AB7384A002F5761 /* SearchTermStoreSpy.swift */ = {isa = PBXFileReference; lastKnownFileType = sourcecode.swift; path = SearchTermStoreSpy.swift; sourceTree = "<group>"; };
		B26AA8432AB7388C002F5761 /* SearchTermTestsHelpers.swift */ = {isa = PBXFileReference; lastKnownFileType = sourcecode.swift; path = SearchTermTestsHelpers.swift; sourceTree = "<group>"; };
		B26AA8452AB738B8002F5761 /* XCTestCase+trackMemoryLeak.swift */ = {isa = PBXFileReference; lastKnownFileType = sourcecode.swift; path = "XCTestCase+trackMemoryLeak.swift"; sourceTree = "<group>"; };
		B26AA8472AB74095002F5761 /* UserDefaultsSearchTermStore.swift */ = {isa = PBXFileReference; lastKnownFileType = sourcecode.swift; path = UserDefaultsSearchTermStore.swift; sourceTree = "<group>"; };
		B26AA8992AB858AC002F5761 /* SearchTerm.swift */ = {isa = PBXFileReference; lastKnownFileType = sourcecode.swift; path = SearchTerm.swift; sourceTree = "<group>"; };
		B26AA89E2AB85D9B002F5761 /* AppStoreSearchPresenterTests.swift */ = {isa = PBXFileReference; lastKnownFileType = sourcecode.swift; path = AppStoreSearchPresenterTests.swift; sourceTree = "<group>"; };
		B26AA8A02AB85E80002F5761 /* AppStoreSearchPresenter.swift */ = {isa = PBXFileReference; lastKnownFileType = sourcecode.swift; path = AppStoreSearchPresenter.swift; sourceTree = "<group>"; };
		B26AA8A52AB8656F002F5761 /* LoadResourcePresenter.swift */ = {isa = PBXFileReference; lastKnownFileType = sourcecode.swift; path = LoadResourcePresenter.swift; sourceTree = "<group>"; };
		B26AA8A72AB8659A002F5761 /* ResourceLoadingView.swift */ = {isa = PBXFileReference; lastKnownFileType = sourcecode.swift; path = ResourceLoadingView.swift; sourceTree = "<group>"; };
		B26AA8A92AB865A2002F5761 /* ResourceErrorView.swift */ = {isa = PBXFileReference; lastKnownFileType = sourcecode.swift; path = ResourceErrorView.swift; sourceTree = "<group>"; };
		B26AA8AB2AB865DB002F5761 /* ResourceLoadingViewModel.swift */ = {isa = PBXFileReference; lastKnownFileType = sourcecode.swift; path = ResourceLoadingViewModel.swift; sourceTree = "<group>"; };
		B26AA8AD2AB8660A002F5761 /* ResourceErrorViewModel.swift */ = {isa = PBXFileReference; lastKnownFileType = sourcecode.swift; path = ResourceErrorViewModel.swift; sourceTree = "<group>"; };
		B26AA8B12AB86F14002F5761 /* AppStoreRecentSearchTermPresenterTests.swift */ = {isa = PBXFileReference; lastKnownFileType = sourcecode.swift; path = AppStoreRecentSearchTermPresenterTests.swift; sourceTree = "<group>"; };
		B26AA8B32AB8701C002F5761 /* AppStoreRecentSearchTermPresenter.swift */ = {isa = PBXFileReference; lastKnownFileType = sourcecode.swift; path = AppStoreRecentSearchTermPresenter.swift; sourceTree = "<group>"; };
		B26AA8BA2AB88C81002F5761 /* AppGalleryOnSearchLayout.swift */ = {isa = PBXFileReference; lastKnownFileType = sourcecode.swift; path = AppGalleryOnSearchLayout.swift; sourceTree = "<group>"; };
		B2783E962AB9F6E200493F4F /* AppNewFeaturePresenter.swift */ = {isa = PBXFileReference; lastKnownFileType = sourcecode.swift; path = AppNewFeaturePresenter.swift; sourceTree = "<group>"; };
		B2A3B6662AB55898007B1B75 /* AppStoreSearchiOS.framework */ = {isa = PBXFileReference; explicitFileType = wrapper.framework; includeInIndex = 0; path = AppStoreSearchiOS.framework; sourceTree = BUILT_PRODUCTS_DIR; };
		B2A3B66E2AB55898007B1B75 /* AppStoreSearchiOSTests.xctest */ = {isa = PBXFileReference; explicitFileType = wrapper.cfbundle; includeInIndex = 0; path = AppStoreSearchiOSTests.xctest; sourceTree = BUILT_PRODUCTS_DIR; };
		B2A3B67F2AB55B47007B1B75 /* AppStoreSearchView.swift */ = {isa = PBXFileReference; lastKnownFileType = sourcecode.swift; path = AppStoreSearchView.swift; sourceTree = "<group>"; };
		B2A3B6842AB56013007B1B75 /* ScreenSafeArea.swift */ = {isa = PBXFileReference; lastKnownFileType = sourcecode.swift; path = ScreenSafeArea.swift; sourceTree = "<group>"; };
		B2A3B6862AB564C0007B1B75 /* AppStoreSearchContainerViewController.swift */ = {isa = PBXFileReference; lastKnownFileType = sourcecode.swift; path = AppStoreSearchContainerViewController.swift; sourceTree = "<group>"; };
		B2A3B68D2AB56609007B1B75 /* XCTestCase+SnapshotHelpers.swift */ = {isa = PBXFileReference; fileEncoding = 4; lastKnownFileType = sourcecode.swift; path = "XCTestCase+SnapshotHelpers.swift"; sourceTree = "<group>"; };
		B2A3B68E2AB56609007B1B75 /* UIViewController+snapshot.swift */ = {isa = PBXFileReference; fileEncoding = 4; lastKnownFileType = sourcecode.swift; path = "UIViewController+snapshot.swift"; sourceTree = "<group>"; };
		B2A3B6932AB566E6007B1B75 /* AppStoreSearchUISnapshotTests.swift */ = {isa = PBXFileReference; lastKnownFileType = sourcecode.swift; path = AppStoreSearchUISnapshotTests.swift; sourceTree = "<group>"; };
		B2A3B6952AB5685A007B1B75 /* AppStoreSearchiOS.xctestplan */ = {isa = PBXFileReference; lastKnownFileType = text; path = AppStoreSearchiOS.xctestplan; sourceTree = "<group>"; };
		B2A3B6982AB568B2007B1B75 /* APPSTORE_SEARCH_WITH_RECENT_TERMS_light.png */ = {isa = PBXFileReference; lastKnownFileType = image.png; path = APPSTORE_SEARCH_WITH_RECENT_TERMS_light.png; sourceTree = "<group>"; };
		B2A3B69A2AB56AB8007B1B75 /* RefreshController.swift */ = {isa = PBXFileReference; fileEncoding = 4; lastKnownFileType = sourcecode.swift; path = RefreshController.swift; sourceTree = "<group>"; };
		B2A3B69B2AB56AB8007B1B75 /* ListVIewController.swift */ = {isa = PBXFileReference; fileEncoding = 4; lastKnownFileType = sourcecode.swift; path = ListVIewController.swift; sourceTree = "<group>"; };
		B2A3B69C2AB56AB8007B1B75 /* CollectionListViewController.swift */ = {isa = PBXFileReference; fileEncoding = 4; lastKnownFileType = sourcecode.swift; path = CollectionListViewController.swift; sourceTree = "<group>"; };
		B2A3B6A02AB56AD3007B1B75 /* CellController.swift */ = {isa = PBXFileReference; fileEncoding = 4; lastKnownFileType = sourcecode.swift; path = CellController.swift; sourceTree = "<group>"; };
		B2A3B6A12AB56AD3007B1B75 /* TableCellController.swift */ = {isa = PBXFileReference; fileEncoding = 4; lastKnownFileType = sourcecode.swift; path = TableCellController.swift; sourceTree = "<group>"; };
		B2A3B6A52AB56C97007B1B75 /* AppStoreRecentSearchTitleCell.swift */ = {isa = PBXFileReference; lastKnownFileType = sourcecode.swift; path = AppStoreRecentSearchTitleCell.swift; sourceTree = "<group>"; };
		B2A3B6A72AB56D7C007B1B75 /* AppStoreRecentSearchTitleCellController.swift */ = {isa = PBXFileReference; lastKnownFileType = sourcecode.swift; path = AppStoreRecentSearchTitleCellController.swift; sourceTree = "<group>"; };
		B2A3B6A92AB56E06007B1B75 /* AppStoreRecentSearchTermCell.swift */ = {isa = PBXFileReference; lastKnownFileType = sourcecode.swift; path = AppStoreRecentSearchTermCell.swift; sourceTree = "<group>"; };
		B2A3B6AB2AB56FB9007B1B75 /* AppStoreRecentSearchTermCellController.swift */ = {isa = PBXFileReference; lastKnownFileType = sourcecode.swift; path = AppStoreRecentSearchTermCellController.swift; sourceTree = "<group>"; };
		B2A3B6AD2AB579FF007B1B75 /* AppStoreSearchViewController.swift */ = {isa = PBXFileReference; lastKnownFileType = sourcecode.swift; path = AppStoreSearchViewController.swift; sourceTree = "<group>"; };
		B2A3B6AF2AB57B7F007B1B75 /* APPSTORE_SEARCH_WITHOUT_RECENT_TERMS_light.png */ = {isa = PBXFileReference; lastKnownFileType = image.png; path = APPSTORE_SEARCH_WITHOUT_RECENT_TERMS_light.png; sourceTree = "<group>"; };
		B2A3B6B12AB57F1F007B1B75 /* AppStoreSearchViewModel.swift */ = {isa = PBXFileReference; lastKnownFileType = sourcecode.swift; path = AppStoreSearchViewModel.swift; sourceTree = "<group>"; };
		B2A3B6B32AB57F7F007B1B75 /* APPSTORE_SEARCH_WITH_MATCHED_RECENT_TERMS_light.png */ = {isa = PBXFileReference; lastKnownFileType = image.png; path = APPSTORE_SEARCH_WITH_MATCHED_RECENT_TERMS_light.png; sourceTree = "<group>"; };
		B2A3B6B62AB5815E007B1B75 /* AppStoreRecentSearchTermViewModel.swift */ = {isa = PBXFileReference; lastKnownFileType = sourcecode.swift; path = AppStoreRecentSearchTermViewModel.swift; sourceTree = "<group>"; };
		B2A3B6B82AB58340007B1B75 /* AppStoreSearchRatingMaskingView.swift */ = {isa = PBXFileReference; lastKnownFileType = sourcecode.swift; path = AppStoreSearchRatingMaskingView.swift; sourceTree = "<group>"; };
		B2A3B6BA2AB58766007B1B75 /* AppStoreSearchResultCell.swift */ = {isa = PBXFileReference; lastKnownFileType = sourcecode.swift; path = AppStoreSearchResultCell.swift; sourceTree = "<group>"; };
		B2A3B6BC2AB588F0007B1B75 /* AppStoreSearchResultRatingView.swift */ = {isa = PBXFileReference; lastKnownFileType = sourcecode.swift; path = AppStoreSearchResultRatingView.swift; sourceTree = "<group>"; };
		B2C62CA62AB96EFD00944326 /* AppStoreSearchFoundAppPresenterTests.swift */ = {isa = PBXFileReference; lastKnownFileType = sourcecode.swift; path = AppStoreSearchFoundAppPresenterTests.swift; sourceTree = "<group>"; };
		B2C62CA82AB9796300944326 /* AppStoreAppPresenter.swift */ = {isa = PBXFileReference; lastKnownFileType = sourcecode.swift; path = AppStoreAppPresenter.swift; sourceTree = "<group>"; };
		B2C62CAB2AB9799C00944326 /* Double+formatted.swift */ = {isa = PBXFileReference; lastKnownFileType = sourcecode.swift; path = "Double+formatted.swift"; sourceTree = "<group>"; };
		B2C62CAD2AB97FDE00944326 /* ShimmeringView.swift */ = {isa = PBXFileReference; lastKnownFileType = sourcecode.swift; path = ShimmeringView.swift; sourceTree = "<group>"; };
		B2F15B1B2AB70B8A00158D5A /* AppStoreSearchAPIEndToEndTests.xctest */ = {isa = PBXFileReference; explicitFileType = wrapper.cfbundle; includeInIndex = 0; path = AppStoreSearchAPIEndToEndTests.xctest; sourceTree = BUILT_PRODUCTS_DIR; };
		B2F15B1D2AB70B8A00158D5A /* AppStoreSearchAPIEndToEndTests.swift */ = {isa = PBXFileReference; lastKnownFileType = sourcecode.swift; path = AppStoreSearchAPIEndToEndTests.swift; sourceTree = "<group>"; };
		B2F15B252AB70C7300158D5A /* AppStoreSearchAPIEndToEndTests.xctestplan */ = {isa = PBXFileReference; lastKnownFileType = text; path = AppStoreSearchAPIEndToEndTests.xctestplan; sourceTree = "<group>"; };
		B2F15B272AB71A4800158D5A /* LocalSearchTerm.swift */ = {isa = PBXFileReference; lastKnownFileType = sourcecode.swift; path = LocalSearchTerm.swift; sourceTree = "<group>"; };
		B2F15B2A2AB71B2700158D5A /* CacheLocalSearchTermUseCasesTests.swift */ = {isa = PBXFileReference; lastKnownFileType = sourcecode.swift; path = CacheLocalSearchTermUseCasesTests.swift; sourceTree = "<group>"; };
/* End PBXFileReference section */

/* Begin PBXFrameworksBuildPhase section */
		B23A6B252AB6F267006067F7 /* Frameworks */ = {
			isa = PBXFrameworksBuildPhase;
			buildActionMask = 2147483647;
			files = (
			);
			runOnlyForDeploymentPostprocessing = 0;
		};
		B23A6B2C2AB6F267006067F7 /* Frameworks */ = {
			isa = PBXFrameworksBuildPhase;
			buildActionMask = 2147483647;
			files = (
				B23A6B302AB6F267006067F7 /* AppStoreSearch.framework in Frameworks */,
			);
			runOnlyForDeploymentPostprocessing = 0;
		};
		B2A3B6632AB55898007B1B75 /* Frameworks */ = {
			isa = PBXFrameworksBuildPhase;
			buildActionMask = 2147483647;
			files = (
				B23A6B442AB6F382006067F7 /* AppStoreSearch.framework in Frameworks */,
				B2A3B6832AB55B7B007B1B75 /* SnapKit in Frameworks */,
			);
			runOnlyForDeploymentPostprocessing = 0;
		};
		B2A3B66B2AB55898007B1B75 /* Frameworks */ = {
			isa = PBXFrameworksBuildPhase;
			buildActionMask = 2147483647;
			files = (
				B2A3B66F2AB55898007B1B75 /* AppStoreSearchiOS.framework in Frameworks */,
			);
			runOnlyForDeploymentPostprocessing = 0;
		};
		B2F15B182AB70B8A00158D5A /* Frameworks */ = {
			isa = PBXFrameworksBuildPhase;
			buildActionMask = 2147483647;
			files = (
				B2F15B1F2AB70B8A00158D5A /* AppStoreSearch.framework in Frameworks */,
			);
			runOnlyForDeploymentPostprocessing = 0;
		};
/* End PBXFrameworksBuildPhase section */

/* Begin PBXGroup section */
		B23A6AD42AB688E5006067F7 /* Search UI */ = {
			isa = PBXGroup;
			children = (
				B26AA8BA2AB88C81002F5761 /* AppGalleryOnSearchLayout.swift */,
				B23A6AD52AB688EA006067F7 /* Controllers */,
				B23A6AD62AB68929006067F7 /* Views */,
			);
			path = "Search UI";
			sourceTree = "<group>";
		};
		B23A6AD52AB688EA006067F7 /* Controllers */ = {
			isa = PBXGroup;
			children = (
				B2A3B6862AB564C0007B1B75 /* AppStoreSearchContainerViewController.swift */,
				B2A3B6A72AB56D7C007B1B75 /* AppStoreRecentSearchTitleCellController.swift */,
				B2A3B6AB2AB56FB9007B1B75 /* AppStoreRecentSearchTermCellController.swift */,
				B2A3B6AD2AB579FF007B1B75 /* AppStoreSearchViewController.swift */,
				B23A6ACC2AB5D964006067F7 /* AppStoreSearchResultCellController.swift */,
			);
			path = Controllers;
			sourceTree = "<group>";
		};
		B23A6AD62AB68929006067F7 /* Views */ = {
			isa = PBXGroup;
			children = (
				B2A3B67F2AB55B47007B1B75 /* AppStoreSearchView.swift */,
				B2A3B6A52AB56C97007B1B75 /* AppStoreRecentSearchTitleCell.swift */,
				B2A3B6A92AB56E06007B1B75 /* AppStoreRecentSearchTermCell.swift */,
				B2A3B6B82AB58340007B1B75 /* AppStoreSearchRatingMaskingView.swift */,
				B2A3B6BC2AB588F0007B1B75 /* AppStoreSearchResultRatingView.swift */,
				B2A3B6BA2AB58766007B1B75 /* AppStoreSearchResultCell.swift */,
			);
			path = Views;
			sourceTree = "<group>";
		};
		B23A6AD72AB68D02006067F7 /* App UI */ = {
			isa = PBXGroup;
			children = (
				B23A6AEC2AB69C2F006067F7 /* Controllers */,
				B23A6AED2AB69C34006067F7 /* Views */,
				B23A6B092AB6BE85006067F7 /* AppGalleryLayout.swift */,
			);
			path = "App UI";
			sourceTree = "<group>";
		};
		B23A6ADC2AB69220006067F7 /* Search */ = {
			isa = PBXGroup;
			children = (
				B2A3B6B12AB57F1F007B1B75 /* AppStoreSearchViewModel.swift */,
				B2A3B6B62AB5815E007B1B75 /* AppStoreRecentSearchTermViewModel.swift */,
				B23A6AD22AB688A4006067F7 /* AppStoreSearchResultViewModel.swift */,
				B26AA8A02AB85E80002F5761 /* AppStoreSearchPresenter.swift */,
				B26AA8B32AB8701C002F5761 /* AppStoreRecentSearchTermPresenter.swift */,
				B2C62CA82AB9796300944326 /* AppStoreAppPresenter.swift */,
			);
			path = Search;
			sourceTree = "<group>";
		};
		B23A6ADD2AB6922A006067F7 /* App */ = {
			isa = PBXGroup;
			children = (
				B23A6ADE2AB69237006067F7 /* AppTitleViewModel.swift */,
				B23A6AF42AB6A829006067F7 /* AppDescriptionViewModel.swift */,
				B23A6AFE2AB6B301006067F7 /* AppNewFeatureViewModel.swift */,
				B2783E962AB9F6E200493F4F /* AppNewFeaturePresenter.swift */,
			);
			path = App;
			sourceTree = "<group>";
		};
		B23A6AE42AB6943E006067F7 /* App UI */ = {
			isa = PBXGroup;
			children = (
				B23A6AE92AB698F0006067F7 /* snapshots */,
				B23A6AE52AB69459006067F7 /* AppUISnapshotTests.swift */,
			);
			path = "App UI";
			sourceTree = "<group>";
		};
		B23A6AE92AB698F0006067F7 /* snapshots */ = {
			isa = PBXGroup;
			children = (
				B23A6AEA2AB698F0006067F7 /* APP_light.png */,
			);
			path = snapshots;
			sourceTree = "<group>";
		};
		B23A6AEC2AB69C2F006067F7 /* Controllers */ = {
			isa = PBXGroup;
			children = (
				B23A6AE72AB69488006067F7 /* AppContainerViewController.swift */,
				B23A6ADA2AB691B4006067F7 /* AppTitleCellController.swift */,
				B23A6AE22AB693CE006067F7 /* AppHeaderViewController.swift */,
				B23A6AF22AB6A694006067F7 /* AppDescriptionCellController.swift */,
				B23A6AFC2AB6B179006067F7 /* AppNewFeatureCellController.swift */,
				B23A6B0D2AB6CE2E006067F7 /* AppGalleryCellController.swift */,
				B23A6B112AB6D021006067F7 /* AppPreviewCellController.swift */,
			);
			path = Controllers;
			sourceTree = "<group>";
		};
		B23A6AED2AB69C34006067F7 /* Views */ = {
			isa = PBXGroup;
			children = (
				B23A6AD82AB68E3D006067F7 /* AppTitleCell.swift */,
				B23A6AE02AB692E2006067F7 /* AppHeaderView.swift */,
				B23A6AEE2AB69C69006067F7 /* AppDescriptionCell.swift */,
				B23A6AF02AB69C97006067F7 /* AppDescriptionRatingView.swift */,
				B23A6AF62AB6A871006067F7 /* AppDescriptionGeneralInfoView.swift */,
				B23A6AFA2AB6AEA4006067F7 /* AppNewFeatureCell.swift */,
				B23A6B0B2AB6CDC3006067F7 /* AppGalleryCell.swift */,
				B23A6B0F2AB6CEE7006067F7 /* AppPreviewCell.swift */,
			);
			path = Views;
			sourceTree = "<group>";
		};
		B23A6B082AB6BDE2006067F7 /* Helpers */ = {
			isa = PBXGroup;
			children = (
				B2A3B6842AB56013007B1B75 /* ScreenSafeArea.swift */,
				B23A6B012AB6BDC9006067F7 /* UICollectionView+dequeueing.swift */,
				B23A6B022AB6BDC9006067F7 /* UICollectionView+register.swift */,
				B23A6B002AB6BDC9006067F7 /* UITableView+dequeueing.swift */,
				B23A6B032AB6BDC9006067F7 /* UITableView+register.swift */,
			);
			path = Helpers;
			sourceTree = "<group>";
		};
		B23A6B142AB6E1FC006067F7 /* Shared UI */ = {
			isa = PBXGroup;
			children = (
				B23A6B082AB6BDE2006067F7 /* Helpers */,
				B2A3B69B2AB56AB8007B1B75 /* ListVIewController.swift */,
				B2A3B69C2AB56AB8007B1B75 /* CollectionListViewController.swift */,
				B2A3B6A02AB56AD3007B1B75 /* CellController.swift */,
				B2A3B6A12AB56AD3007B1B75 /* TableCellController.swift */,
				B2A3B69A2AB56AB8007B1B75 /* RefreshController.swift */,
				B2C62CAD2AB97FDE00944326 /* ShimmeringView.swift */,
			);
			path = "Shared UI";
			sourceTree = "<group>";
		};
		B23A6B162AB6E220006067F7 /* Shared API */ = {
			isa = PBXGroup;
			children = (
				B23A6B172AB6E26D006067F7 /* HTTPClient.swift */,
				B23A6B182AB6E26D006067F7 /* URLSessionHTTPClient.swift */,
				B242D7BB2AB9BC2A001195BF /* ImageDataMapper.swift */,
			);
			path = "Shared API";
			sourceTree = "<group>";
		};
		B23A6B1B2AB6E518006067F7 /* Search API */ = {
			isa = PBXGroup;
			children = (
				B23A6B1C2AB6E53A006067F7 /* AppStoreSearchEndPoint.swift */,
				B23A6B512AB6F7E1006067F7 /* AppMapper.swift */,
			);
			path = "Search API";
			sourceTree = "<group>";
		};
		B23A6B1E2AB6E543006067F7 /* Search API */ = {
			isa = PBXGroup;
			children = (
				B23A6B1F2AB6E5FE006067F7 /* AppStoreSearchEndPointTests.swift */,
			);
			path = "Search API";
			sourceTree = "<group>";
		};
		B23A6B292AB6F267006067F7 /* AppStoreSearch */ = {
			isa = PBXGroup;
			children = (
				B26AA8A42AB86563002F5761 /* Shared Presentation */,
				B2F15B262AB71A1800158D5A /* Search Term Cache */,
				B23A6B4E2AB6F558006067F7 /* Feature */,
				B2A3B6B52AB5813F007B1B75 /* Presentation */,
				B23A6B162AB6E220006067F7 /* Shared API */,
				B23A6B1B2AB6E518006067F7 /* Search API */,
			);
			path = AppStoreSearch;
			sourceTree = "<group>";
		};
		B23A6B332AB6F267006067F7 /* AppStoreSearchTests */ = {
			isa = PBXGroup;
			children = (
				B26AA89D2AB85D82002F5761 /* Presentation */,
				B2F15B292AB71ADF00158D5A /* Search Term Cache */,
				B23A6B1E2AB6E543006067F7 /* Search API */,
			);
			path = AppStoreSearchTests;
			sourceTree = "<group>";
		};
		B23A6B432AB6F382006067F7 /* Frameworks */ = {
			isa = PBXGroup;
			children = (
			);
			name = Frameworks;
			sourceTree = "<group>";
		};
		B23A6B4E2AB6F558006067F7 /* Feature */ = {
			isa = PBXGroup;
			children = (
				B23A6B4F2AB6F564006067F7 /* App.swift */,
				B26AA8992AB858AC002F5761 /* SearchTerm.swift */,
			);
			path = Feature;
			sourceTree = "<group>";
		};
		B26AA8402AB7382E002F5761 /* Helpers */ = {
			isa = PBXGroup;
			children = (
				B26AA8452AB738B8002F5761 /* XCTestCase+trackMemoryLeak.swift */,
				B26AA8412AB7384A002F5761 /* SearchTermStoreSpy.swift */,
				B26AA8432AB7388C002F5761 /* SearchTermTestsHelpers.swift */,
			);
			path = Helpers;
			sourceTree = "<group>";
		};
		B26AA89D2AB85D82002F5761 /* Presentation */ = {
			isa = PBXGroup;
			children = (
				B26AA89E2AB85D9B002F5761 /* AppStoreSearchPresenterTests.swift */,
				B26AA8B12AB86F14002F5761 /* AppStoreRecentSearchTermPresenterTests.swift */,
				B2C62CA62AB96EFD00944326 /* AppStoreSearchFoundAppPresenterTests.swift */,
			);
			path = Presentation;
			sourceTree = "<group>";
		};
		B26AA8A42AB86563002F5761 /* Shared Presentation */ = {
			isa = PBXGroup;
			children = (
				B26AA8A52AB8656F002F5761 /* LoadResourcePresenter.swift */,
				B26AA8A72AB8659A002F5761 /* ResourceLoadingView.swift */,
				B26AA8A92AB865A2002F5761 /* ResourceErrorView.swift */,
				B26AA8AB2AB865DB002F5761 /* ResourceLoadingViewModel.swift */,
				B26AA8AD2AB8660A002F5761 /* ResourceErrorViewModel.swift */,
			);
			path = "Shared Presentation";
			sourceTree = "<group>";
		};
		B2A3B65C2AB55898007B1B75 = {
			isa = PBXGroup;
			children = (
				B2F15B252AB70C7300158D5A /* AppStoreSearchAPIEndToEndTests.xctestplan */,
				B23A6B4D2AB6F48F006067F7 /* AppStoreSearch.xctestplan */,
				B2A3B6952AB5685A007B1B75 /* AppStoreSearchiOS.xctestplan */,
				B2A3B67E2AB55B3C007B1B75 /* AppStoreSearchiOS */,
				B2A3B6722AB55898007B1B75 /* AppStoreSearchiOSTests */,
				B23A6B292AB6F267006067F7 /* AppStoreSearch */,
				B23A6B332AB6F267006067F7 /* AppStoreSearchTests */,
				B2F15B1C2AB70B8A00158D5A /* AppStoreSearchAPIEndToEndTests */,
				B2A3B6672AB55898007B1B75 /* Products */,
				B23A6B432AB6F382006067F7 /* Frameworks */,
			);
			sourceTree = "<group>";
		};
		B2A3B6672AB55898007B1B75 /* Products */ = {
			isa = PBXGroup;
			children = (
				B2A3B6662AB55898007B1B75 /* AppStoreSearchiOS.framework */,
				B2A3B66E2AB55898007B1B75 /* AppStoreSearchiOSTests.xctest */,
				B23A6B282AB6F267006067F7 /* AppStoreSearch.framework */,
				B23A6B2F2AB6F267006067F7 /* AppStoreSearchTests.xctest */,
				B2F15B1B2AB70B8A00158D5A /* AppStoreSearchAPIEndToEndTests.xctest */,
			);
			name = Products;
			sourceTree = "<group>";
		};
		B2A3B6722AB55898007B1B75 /* AppStoreSearchiOSTests */ = {
			isa = PBXGroup;
			children = (
				B2A3B6922AB566C7007B1B75 /* Search UI */,
				B23A6AE42AB6943E006067F7 /* App UI */,
				B2A3B6912AB56629007B1B75 /* Helpers */,
			);
			path = AppStoreSearchiOSTests;
			sourceTree = "<group>";
		};
		B2A3B67E2AB55B3C007B1B75 /* AppStoreSearchiOS */ = {
			isa = PBXGroup;
			children = (
				B23A6AD72AB68D02006067F7 /* App UI */,
				B23A6AD42AB688E5006067F7 /* Search UI */,
				B23A6B142AB6E1FC006067F7 /* Shared UI */,
			);
			path = AppStoreSearchiOS;
			sourceTree = "<group>";
		};
		B2A3B6912AB56629007B1B75 /* Helpers */ = {
			isa = PBXGroup;
			children = (
				B2A3B68E2AB56609007B1B75 /* UIViewController+snapshot.swift */,
				B2A3B68D2AB56609007B1B75 /* XCTestCase+SnapshotHelpers.swift */,
			);
			path = Helpers;
			sourceTree = "<group>";
		};
		B2A3B6922AB566C7007B1B75 /* Search UI */ = {
			isa = PBXGroup;
			children = (
				B2A3B6972AB568B2007B1B75 /* snapshots */,
				B2A3B6932AB566E6007B1B75 /* AppStoreSearchUISnapshotTests.swift */,
			);
			path = "Search UI";
			sourceTree = "<group>";
		};
		B2A3B6972AB568B2007B1B75 /* snapshots */ = {
			isa = PBXGroup;
			children = (
				B2A3B6AF2AB57B7F007B1B75 /* APPSTORE_SEARCH_WITHOUT_RECENT_TERMS_light.png */,
				B2A3B6982AB568B2007B1B75 /* APPSTORE_SEARCH_WITH_RECENT_TERMS_light.png */,
				B2A3B6B32AB57F7F007B1B75 /* APPSTORE_SEARCH_WITH_MATCHED_RECENT_TERMS_light.png */,
				B23A6ACE2AB5DBEA006067F7 /* APPSTORE_SEARCH_RESULT_light.png */,
			);
			path = snapshots;
			sourceTree = "<group>";
		};
		B2A3B6B52AB5813F007B1B75 /* Presentation */ = {
			isa = PBXGroup;
			children = (
				B2C62CAA2AB9799000944326 /* Helpers */,
				B23A6ADC2AB69220006067F7 /* Search */,
				B23A6ADD2AB6922A006067F7 /* App */,
			);
			path = Presentation;
			sourceTree = "<group>";
		};
		B2C62CAA2AB9799000944326 /* Helpers */ = {
			isa = PBXGroup;
			children = (
				B2C62CAB2AB9799C00944326 /* Double+formatted.swift */,
			);
			path = Helpers;
			sourceTree = "<group>";
		};
		B2F15B1C2AB70B8A00158D5A /* AppStoreSearchAPIEndToEndTests */ = {
			isa = PBXGroup;
			children = (
				B2F15B1D2AB70B8A00158D5A /* AppStoreSearchAPIEndToEndTests.swift */,
			);
			path = AppStoreSearchAPIEndToEndTests;
			sourceTree = "<group>";
		};
		B2F15B262AB71A1800158D5A /* Search Term Cache */ = {
			isa = PBXGroup;
			children = (
				B2F15B272AB71A4800158D5A /* LocalSearchTerm.swift */,
				B26AA83A2AB72A5B002F5761 /* LocalSearchTermLoader.swift */,
				B26AA83C2AB72A98002F5761 /* SearchTermStore.swift */,
				B26AA8472AB74095002F5761 /* UserDefaultsSearchTermStore.swift */,
			);
			path = "Search Term Cache";
			sourceTree = "<group>";
		};
		B2F15B292AB71ADF00158D5A /* Search Term Cache */ = {
			isa = PBXGroup;
			children = (
				B26AA8402AB7382E002F5761 /* Helpers */,
				B2F15B2A2AB71B2700158D5A /* CacheLocalSearchTermUseCasesTests.swift */,
				B26AA83E2AB72D7E002F5761 /* LoadLocalSearchTermUseCasesTests.swift */,
			);
			path = "Search Term Cache";
			sourceTree = "<group>";
		};
/* End PBXGroup section */

/* Begin PBXHeadersBuildPhase section */
		B23A6B232AB6F267006067F7 /* Headers */ = {
			isa = PBXHeadersBuildPhase;
			buildActionMask = 2147483647;
			files = (
			);
			runOnlyForDeploymentPostprocessing = 0;
		};
		B2A3B6612AB55898007B1B75 /* Headers */ = {
			isa = PBXHeadersBuildPhase;
			buildActionMask = 2147483647;
			files = (
			);
			runOnlyForDeploymentPostprocessing = 0;
		};
/* End PBXHeadersBuildPhase section */

/* Begin PBXNativeTarget section */
		B23A6B272AB6F267006067F7 /* AppStoreSearch */ = {
			isa = PBXNativeTarget;
			buildConfigurationList = B23A6B372AB6F267006067F7 /* Build configuration list for PBXNativeTarget "AppStoreSearch" */;
			buildPhases = (
				B23A6B232AB6F267006067F7 /* Headers */,
				B23A6B242AB6F267006067F7 /* Sources */,
				B23A6B252AB6F267006067F7 /* Frameworks */,
				B23A6B262AB6F267006067F7 /* Resources */,
			);
			buildRules = (
			);
			dependencies = (
			);
			name = AppStoreSearch;
			productName = AppStoreSearch;
			productReference = B23A6B282AB6F267006067F7 /* AppStoreSearch.framework */;
			productType = "com.apple.product-type.framework";
		};
		B23A6B2E2AB6F267006067F7 /* AppStoreSearchTests */ = {
			isa = PBXNativeTarget;
			buildConfigurationList = B23A6B3A2AB6F267006067F7 /* Build configuration list for PBXNativeTarget "AppStoreSearchTests" */;
			buildPhases = (
				B23A6B2B2AB6F267006067F7 /* Sources */,
				B23A6B2C2AB6F267006067F7 /* Frameworks */,
				B23A6B2D2AB6F267006067F7 /* Resources */,
			);
			buildRules = (
			);
			dependencies = (
				B23A6B322AB6F267006067F7 /* PBXTargetDependency */,
			);
			name = AppStoreSearchTests;
			productName = AppStoreSearchTests;
			productReference = B23A6B2F2AB6F267006067F7 /* AppStoreSearchTests.xctest */;
			productType = "com.apple.product-type.bundle.unit-test";
		};
		B2A3B6652AB55898007B1B75 /* AppStoreSearchiOS */ = {
			isa = PBXNativeTarget;
			buildConfigurationList = B2A3B6782AB55898007B1B75 /* Build configuration list for PBXNativeTarget "AppStoreSearchiOS" */;
			buildPhases = (
				B2A3B6612AB55898007B1B75 /* Headers */,
				B2A3B6622AB55898007B1B75 /* Sources */,
				B2A3B6632AB55898007B1B75 /* Frameworks */,
				B2A3B6642AB55898007B1B75 /* Resources */,
				B23A6B482AB6F382006067F7 /* Embed Frameworks */,
			);
			buildRules = (
			);
			dependencies = (
				B23A6B472AB6F382006067F7 /* PBXTargetDependency */,
			);
			name = AppStoreSearchiOS;
			packageProductDependencies = (
				B2A3B6822AB55B7B007B1B75 /* SnapKit */,
			);
			productName = AppStoreSearchiOS;
			productReference = B2A3B6662AB55898007B1B75 /* AppStoreSearchiOS.framework */;
			productType = "com.apple.product-type.framework";
		};
		B2A3B66D2AB55898007B1B75 /* AppStoreSearchiOSTests */ = {
			isa = PBXNativeTarget;
			buildConfigurationList = B2A3B67B2AB55898007B1B75 /* Build configuration list for PBXNativeTarget "AppStoreSearchiOSTests" */;
			buildPhases = (
				B2A3B66A2AB55898007B1B75 /* Sources */,
				B2A3B66B2AB55898007B1B75 /* Frameworks */,
				B2A3B66C2AB55898007B1B75 /* Resources */,
			);
			buildRules = (
			);
			dependencies = (
				B2A3B6712AB55898007B1B75 /* PBXTargetDependency */,
			);
			name = AppStoreSearchiOSTests;
			productName = AppStoreSearchiOSTests;
			productReference = B2A3B66E2AB55898007B1B75 /* AppStoreSearchiOSTests.xctest */;
			productType = "com.apple.product-type.bundle.unit-test";
		};
		B2F15B1A2AB70B8A00158D5A /* AppStoreSearchAPIEndToEndTests */ = {
			isa = PBXNativeTarget;
			buildConfigurationList = B2F15B242AB70B8A00158D5A /* Build configuration list for PBXNativeTarget "AppStoreSearchAPIEndToEndTests" */;
			buildPhases = (
				B2F15B172AB70B8A00158D5A /* Sources */,
				B2F15B182AB70B8A00158D5A /* Frameworks */,
				B2F15B192AB70B8A00158D5A /* Resources */,
			);
			buildRules = (
			);
			dependencies = (
				B2F15B212AB70B8A00158D5A /* PBXTargetDependency */,
			);
			name = AppStoreSearchAPIEndToEndTests;
			productName = AppStoreSearchAPIEndToEndTests;
			productReference = B2F15B1B2AB70B8A00158D5A /* AppStoreSearchAPIEndToEndTests.xctest */;
			productType = "com.apple.product-type.bundle.unit-test";
		};
/* End PBXNativeTarget section */

/* Begin PBXProject section */
		B2A3B65D2AB55898007B1B75 /* Project object */ = {
			isa = PBXProject;
			attributes = {
				BuildIndependentTargetsInParallel = 1;
				LastSwiftUpdateCheck = 1430;
				LastUpgradeCheck = 1430;
				TargetAttributes = {
					B23A6B272AB6F267006067F7 = {
						CreatedOnToolsVersion = 14.3.1;
					};
					B23A6B2E2AB6F267006067F7 = {
						CreatedOnToolsVersion = 14.3.1;
					};
					B2A3B6652AB55898007B1B75 = {
						CreatedOnToolsVersion = 14.3;
						LastSwiftMigration = 1430;
					};
					B2A3B66D2AB55898007B1B75 = {
						CreatedOnToolsVersion = 14.3;
					};
					B2F15B1A2AB70B8A00158D5A = {
						CreatedOnToolsVersion = 14.3.1;
					};
				};
			};
			buildConfigurationList = B2A3B6602AB55898007B1B75 /* Build configuration list for PBXProject "AppStoreSearchiOS" */;
			compatibilityVersion = "Xcode 14.0";
			developmentRegion = en;
			hasScannedForEncodings = 0;
			knownRegions = (
				en,
				Base,
			);
			mainGroup = B2A3B65C2AB55898007B1B75;
			packageReferences = (
				B2A3B6812AB55B7B007B1B75 /* XCRemoteSwiftPackageReference "SnapKit" */,
			);
			productRefGroup = B2A3B6672AB55898007B1B75 /* Products */;
			projectDirPath = "";
			projectRoot = "";
			targets = (
				B2A3B6652AB55898007B1B75 /* AppStoreSearchiOS */,
				B2A3B66D2AB55898007B1B75 /* AppStoreSearchiOSTests */,
				B23A6B272AB6F267006067F7 /* AppStoreSearch */,
				B23A6B2E2AB6F267006067F7 /* AppStoreSearchTests */,
				B2F15B1A2AB70B8A00158D5A /* AppStoreSearchAPIEndToEndTests */,
			);
		};
/* End PBXProject section */

/* Begin PBXResourcesBuildPhase section */
		B23A6B262AB6F267006067F7 /* Resources */ = {
			isa = PBXResourcesBuildPhase;
			buildActionMask = 2147483647;
			files = (
			);
			runOnlyForDeploymentPostprocessing = 0;
		};
		B23A6B2D2AB6F267006067F7 /* Resources */ = {
			isa = PBXResourcesBuildPhase;
			buildActionMask = 2147483647;
			files = (
			);
			runOnlyForDeploymentPostprocessing = 0;
		};
		B2A3B6642AB55898007B1B75 /* Resources */ = {
			isa = PBXResourcesBuildPhase;
			buildActionMask = 2147483647;
			files = (
			);
			runOnlyForDeploymentPostprocessing = 0;
		};
		B2A3B66C2AB55898007B1B75 /* Resources */ = {
			isa = PBXResourcesBuildPhase;
			buildActionMask = 2147483647;
			files = (
				B2A3B6B42AB57F7F007B1B75 /* APPSTORE_SEARCH_WITH_MATCHED_RECENT_TERMS_light.png in Resources */,
				B2A3B6B02AB57B7F007B1B75 /* APPSTORE_SEARCH_WITHOUT_RECENT_TERMS_light.png in Resources */,
				B23A6ACF2AB5DBEA006067F7 /* APPSTORE_SEARCH_RESULT_light.png in Resources */,
				B2A3B6992AB568B2007B1B75 /* APPSTORE_SEARCH_WITH_RECENT_TERMS_light.png in Resources */,
				B23A6AEB2AB698F0006067F7 /* APP_light.png in Resources */,
			);
			runOnlyForDeploymentPostprocessing = 0;
		};
		B2F15B192AB70B8A00158D5A /* Resources */ = {
			isa = PBXResourcesBuildPhase;
			buildActionMask = 2147483647;
			files = (
			);
			runOnlyForDeploymentPostprocessing = 0;
		};
/* End PBXResourcesBuildPhase section */

/* Begin PBXSourcesBuildPhase section */
		B23A6B242AB6F267006067F7 /* Sources */ = {
			isa = PBXSourcesBuildPhase;
			buildActionMask = 2147483647;
			files = (
				B26AA8A62AB8656F002F5761 /* LoadResourcePresenter.swift in Sources */,
				B23A6B3D2AB6F33D006067F7 /* AppStoreSearchResultViewModel.swift in Sources */,
				B2783E972AB9F6E200493F4F /* AppNewFeaturePresenter.swift in Sources */,
				B26AA8A12AB85E80002F5761 /* AppStoreSearchPresenter.swift in Sources */,
				B2C62CAC2AB9799C00944326 /* Double+formatted.swift in Sources */,
				B2F15B282AB71A4800158D5A /* LocalSearchTerm.swift in Sources */,
				B23A6B402AB6F348006067F7 /* AppTitleViewModel.swift in Sources */,
				B23A6B4B2AB6F440006067F7 /* HTTPClient.swift in Sources */,
				B26AA8AC2AB865DB002F5761 /* ResourceLoadingViewModel.swift in Sources */,
				B26AA83B2AB72A5B002F5761 /* LocalSearchTermLoader.swift in Sources */,
				B23A6B502AB6F564006067F7 /* App.swift in Sources */,
				B2C62CA92AB9796300944326 /* AppStoreAppPresenter.swift in Sources */,
				B23A6B422AB6F34E006067F7 /* AppNewFeatureViewModel.swift in Sources */,
				B242D7BC2AB9BC2A001195BF /* ImageDataMapper.swift in Sources */,
				B23A6B4A2AB6F43C006067F7 /* AppStoreSearchEndPoint.swift in Sources */,
				B23A6B3E2AB6F341006067F7 /* AppStoreRecentSearchTermViewModel.swift in Sources */,
				B26AA89A2AB858AC002F5761 /* SearchTerm.swift in Sources */,
				B26AA83D2AB72A98002F5761 /* SearchTermStore.swift in Sources */,
				B26AA8482AB74095002F5761 /* UserDefaultsSearchTermStore.swift in Sources */,
				B26AA8AE2AB8660A002F5761 /* ResourceErrorViewModel.swift in Sources */,
				B23A6B3F2AB6F344006067F7 /* AppStoreSearchViewModel.swift in Sources */,
				B26AA8AA2AB865A2002F5761 /* ResourceErrorView.swift in Sources */,
				B23A6B412AB6F34B006067F7 /* AppDescriptionViewModel.swift in Sources */,
				B23A6B522AB6F7E1006067F7 /* AppMapper.swift in Sources */,
				B26AA8B42AB8701C002F5761 /* AppStoreRecentSearchTermPresenter.swift in Sources */,
				B26AA8A82AB8659A002F5761 /* ResourceLoadingView.swift in Sources */,
				B23A6B4C2AB6F443006067F7 /* URLSessionHTTPClient.swift in Sources */,
			);
			runOnlyForDeploymentPostprocessing = 0;
		};
		B23A6B2B2AB6F267006067F7 /* Sources */ = {
			isa = PBXSourcesBuildPhase;
			buildActionMask = 2147483647;
			files = (
				B2C62CA72AB96EFD00944326 /* AppStoreSearchFoundAppPresenterTests.swift in Sources */,
				B26AA8462AB738B8002F5761 /* XCTestCase+trackMemoryLeak.swift in Sources */,
				B26AA8442AB7388C002F5761 /* SearchTermTestsHelpers.swift in Sources */,
				B26AA89F2AB85D9B002F5761 /* AppStoreSearchPresenterTests.swift in Sources */,
				B2F15B2B2AB71B2700158D5A /* CacheLocalSearchTermUseCasesTests.swift in Sources */,
				B23A6B492AB6F42C006067F7 /* AppStoreSearchEndPointTests.swift in Sources */,
				B26AA8422AB7384A002F5761 /* SearchTermStoreSpy.swift in Sources */,
				B26AA83F2AB72D7E002F5761 /* LoadLocalSearchTermUseCasesTests.swift in Sources */,
				B26AA8B22AB86F14002F5761 /* AppStoreRecentSearchTermPresenterTests.swift in Sources */,
			);
			runOnlyForDeploymentPostprocessing = 0;
		};
		B2A3B6622AB55898007B1B75 /* Sources */ = {
			isa = PBXSourcesBuildPhase;
			buildActionMask = 2147483647;
			files = (
				B23A6AE82AB69488006067F7 /* AppContainerViewController.swift in Sources */,
				B26AA8BB2AB88C81002F5761 /* AppGalleryOnSearchLayout.swift in Sources */,
				B2A3B6AE2AB579FF007B1B75 /* AppStoreSearchViewController.swift in Sources */,
				B23A6B062AB6BDC9006067F7 /* UICollectionView+register.swift in Sources */,
				B23A6AD92AB68E3D006067F7 /* AppTitleCell.swift in Sources */,
				B23A6B102AB6CEE7006067F7 /* AppPreviewCell.swift in Sources */,
				B2A3B6A32AB56AD3007B1B75 /* TableCellController.swift in Sources */,
				B23A6AF12AB69C97006067F7 /* AppDescriptionRatingView.swift in Sources */,
				B23A6B0C2AB6CDC3006067F7 /* AppGalleryCell.swift in Sources */,
				B2A3B6A22AB56AD3007B1B75 /* CellController.swift in Sources */,
				B2A3B69F2AB56AB8007B1B75 /* CollectionListViewController.swift in Sources */,
				B23A6AFB2AB6AEA4006067F7 /* AppNewFeatureCell.swift in Sources */,
				B2A3B6A62AB56C97007B1B75 /* AppStoreRecentSearchTitleCell.swift in Sources */,
				B23A6B122AB6D021006067F7 /* AppPreviewCellController.swift in Sources */,
				B2A3B6AC2AB56FB9007B1B75 /* AppStoreRecentSearchTermCellController.swift in Sources */,
				B2A3B6802AB55B47007B1B75 /* AppStoreSearchView.swift in Sources */,
				B2A3B6A82AB56D7C007B1B75 /* AppStoreRecentSearchTitleCellController.swift in Sources */,
				B23A6B052AB6BDC9006067F7 /* UICollectionView+dequeueing.swift in Sources */,
				B2A3B69D2AB56AB8007B1B75 /* RefreshController.swift in Sources */,
				B2C62CAE2AB97FDE00944326 /* ShimmeringView.swift in Sources */,
				B2A3B6BD2AB588F0007B1B75 /* AppStoreSearchResultRatingView.swift in Sources */,
				B2A3B6872AB564C0007B1B75 /* AppStoreSearchContainerViewController.swift in Sources */,
				B23A6B0E2AB6CE2E006067F7 /* AppGalleryCellController.swift in Sources */,
				B23A6AF32AB6A694006067F7 /* AppDescriptionCellController.swift in Sources */,
				B23A6B072AB6BDC9006067F7 /* UITableView+register.swift in Sources */,
				B23A6ADB2AB691B4006067F7 /* AppTitleCellController.swift in Sources */,
				B2A3B6852AB56013007B1B75 /* ScreenSafeArea.swift in Sources */,
				B23A6AF72AB6A871006067F7 /* AppDescriptionGeneralInfoView.swift in Sources */,
				B23A6ACD2AB5D964006067F7 /* AppStoreSearchResultCellController.swift in Sources */,
				B23A6AEF2AB69C69006067F7 /* AppDescriptionCell.swift in Sources */,
				B23A6AE12AB692E2006067F7 /* AppHeaderView.swift in Sources */,
				B2A3B6AA2AB56E06007B1B75 /* AppStoreRecentSearchTermCell.swift in Sources */,
				B23A6B0A2AB6BE85006067F7 /* AppGalleryLayout.swift in Sources */,
				B23A6AFD2AB6B179006067F7 /* AppNewFeatureCellController.swift in Sources */,
				B2A3B6B92AB58340007B1B75 /* AppStoreSearchRatingMaskingView.swift in Sources */,
				B2A3B6BB2AB58766007B1B75 /* AppStoreSearchResultCell.swift in Sources */,
				B2A3B69E2AB56AB8007B1B75 /* ListVIewController.swift in Sources */,
				B23A6B042AB6BDC9006067F7 /* UITableView+dequeueing.swift in Sources */,
				B23A6AE32AB693CE006067F7 /* AppHeaderViewController.swift in Sources */,
			);
			runOnlyForDeploymentPostprocessing = 0;
		};
		B2A3B66A2AB55898007B1B75 /* Sources */ = {
			isa = PBXSourcesBuildPhase;
			buildActionMask = 2147483647;
			files = (
				B2A3B6942AB566E6007B1B75 /* AppStoreSearchUISnapshotTests.swift in Sources */,
				B23A6AE62AB69459006067F7 /* AppUISnapshotTests.swift in Sources */,
				B2A3B6902AB56609007B1B75 /* UIViewController+snapshot.swift in Sources */,
				B2A3B68F2AB56609007B1B75 /* XCTestCase+SnapshotHelpers.swift in Sources */,
			);
			runOnlyForDeploymentPostprocessing = 0;
		};
		B2F15B172AB70B8A00158D5A /* Sources */ = {
			isa = PBXSourcesBuildPhase;
			buildActionMask = 2147483647;
			files = (
				B2F15B1E2AB70B8A00158D5A /* AppStoreSearchAPIEndToEndTests.swift in Sources */,
			);
			runOnlyForDeploymentPostprocessing = 0;
		};
/* End PBXSourcesBuildPhase section */

/* Begin PBXTargetDependency section */
		B23A6B322AB6F267006067F7 /* PBXTargetDependency */ = {
			isa = PBXTargetDependency;
			target = B23A6B272AB6F267006067F7 /* AppStoreSearch */;
			targetProxy = B23A6B312AB6F267006067F7 /* PBXContainerItemProxy */;
		};
		B23A6B472AB6F382006067F7 /* PBXTargetDependency */ = {
			isa = PBXTargetDependency;
			target = B23A6B272AB6F267006067F7 /* AppStoreSearch */;
			targetProxy = B23A6B462AB6F382006067F7 /* PBXContainerItemProxy */;
		};
		B2A3B6712AB55898007B1B75 /* PBXTargetDependency */ = {
			isa = PBXTargetDependency;
			target = B2A3B6652AB55898007B1B75 /* AppStoreSearchiOS */;
			targetProxy = B2A3B6702AB55898007B1B75 /* PBXContainerItemProxy */;
		};
		B2F15B212AB70B8A00158D5A /* PBXTargetDependency */ = {
			isa = PBXTargetDependency;
			target = B23A6B272AB6F267006067F7 /* AppStoreSearch */;
			targetProxy = B2F15B202AB70B8A00158D5A /* PBXContainerItemProxy */;
		};
/* End PBXTargetDependency section */

/* Begin XCBuildConfiguration section */
		B23A6B382AB6F267006067F7 /* Debug */ = {
			isa = XCBuildConfiguration;
			buildSettings = {
				CODE_SIGN_STYLE = Automatic;
				CURRENT_PROJECT_VERSION = 1;
				DEFINES_MODULE = YES;
				DEVELOPMENT_TEAM = 7DY6Z945T9;
				DYLIB_COMPATIBILITY_VERSION = 1;
				DYLIB_CURRENT_VERSION = 1;
				DYLIB_INSTALL_NAME_BASE = "@rpath";
				ENABLE_MODULE_VERIFIER = YES;
				GENERATE_INFOPLIST_FILE = YES;
				INFOPLIST_KEY_NSHumanReadableCopyright = "";
				INSTALL_PATH = "$(LOCAL_LIBRARY_DIR)/Frameworks";
				IPHONEOS_DEPLOYMENT_TARGET = 13.0;
				LD_RUNPATH_SEARCH_PATHS = (
					"$(inherited)",
					"@executable_path/Frameworks",
					"@loader_path/Frameworks",
				);
				MARKETING_VERSION = 1.0;
				MODULE_VERIFIER_SUPPORTED_LANGUAGES = "objective-c objective-c++";
				MODULE_VERIFIER_SUPPORTED_LANGUAGE_STANDARDS = "gnu11 gnu++20";
				PRODUCT_BUNDLE_IDENTIFIER = com.klioop.AppStoreSearch;
				PRODUCT_NAME = "$(TARGET_NAME:c99extidentifier)";
				SKIP_INSTALL = YES;
				SWIFT_EMIT_LOC_STRINGS = YES;
				SWIFT_VERSION = 5.0;
				TARGETED_DEVICE_FAMILY = "1,2";
			};
			name = Debug;
		};
		B23A6B392AB6F267006067F7 /* Release */ = {
			isa = XCBuildConfiguration;
			buildSettings = {
				CODE_SIGN_STYLE = Automatic;
				CURRENT_PROJECT_VERSION = 1;
				DEFINES_MODULE = YES;
				DEVELOPMENT_TEAM = 7DY6Z945T9;
				DYLIB_COMPATIBILITY_VERSION = 1;
				DYLIB_CURRENT_VERSION = 1;
				DYLIB_INSTALL_NAME_BASE = "@rpath";
				ENABLE_MODULE_VERIFIER = YES;
				GENERATE_INFOPLIST_FILE = YES;
				INFOPLIST_KEY_NSHumanReadableCopyright = "";
				INSTALL_PATH = "$(LOCAL_LIBRARY_DIR)/Frameworks";
				IPHONEOS_DEPLOYMENT_TARGET = 13.0;
				LD_RUNPATH_SEARCH_PATHS = (
					"$(inherited)",
					"@executable_path/Frameworks",
					"@loader_path/Frameworks",
				);
				MARKETING_VERSION = 1.0;
				MODULE_VERIFIER_SUPPORTED_LANGUAGES = "objective-c objective-c++";
				MODULE_VERIFIER_SUPPORTED_LANGUAGE_STANDARDS = "gnu11 gnu++20";
				PRODUCT_BUNDLE_IDENTIFIER = com.klioop.AppStoreSearch;
				PRODUCT_NAME = "$(TARGET_NAME:c99extidentifier)";
				SKIP_INSTALL = YES;
				SWIFT_EMIT_LOC_STRINGS = YES;
				SWIFT_VERSION = 5.0;
				TARGETED_DEVICE_FAMILY = "1,2";
			};
			name = Release;
		};
		B23A6B3B2AB6F267006067F7 /* Debug */ = {
			isa = XCBuildConfiguration;
			buildSettings = {
				ALWAYS_EMBED_SWIFT_STANDARD_LIBRARIES = YES;
				CODE_SIGN_STYLE = Automatic;
				CURRENT_PROJECT_VERSION = 1;
				DEVELOPMENT_TEAM = 7DY6Z945T9;
				GENERATE_INFOPLIST_FILE = YES;
				IPHONEOS_DEPLOYMENT_TARGET = 13.0;
				MARKETING_VERSION = 1.0;
				PRODUCT_BUNDLE_IDENTIFIER = com.klioop.AppStoreSearchTests;
				PRODUCT_NAME = "$(TARGET_NAME)";
				SWIFT_EMIT_LOC_STRINGS = NO;
				SWIFT_VERSION = 5.0;
				TARGETED_DEVICE_FAMILY = "1,2";
			};
			name = Debug;
		};
		B23A6B3C2AB6F267006067F7 /* Release */ = {
			isa = XCBuildConfiguration;
			buildSettings = {
				ALWAYS_EMBED_SWIFT_STANDARD_LIBRARIES = YES;
				CODE_SIGN_STYLE = Automatic;
				CURRENT_PROJECT_VERSION = 1;
				DEVELOPMENT_TEAM = 7DY6Z945T9;
				GENERATE_INFOPLIST_FILE = YES;
				IPHONEOS_DEPLOYMENT_TARGET = 13.0;
				MARKETING_VERSION = 1.0;
				PRODUCT_BUNDLE_IDENTIFIER = com.klioop.AppStoreSearchTests;
				PRODUCT_NAME = "$(TARGET_NAME)";
				SWIFT_EMIT_LOC_STRINGS = NO;
				SWIFT_VERSION = 5.0;
				TARGETED_DEVICE_FAMILY = "1,2";
			};
			name = Release;
		};
		B2A3B6762AB55898007B1B75 /* Debug */ = {
			isa = XCBuildConfiguration;
			buildSettings = {
				ALWAYS_SEARCH_USER_PATHS = NO;
				CLANG_ANALYZER_NONNULL = YES;
				CLANG_ANALYZER_NUMBER_OBJECT_CONVERSION = YES_AGGRESSIVE;
				CLANG_CXX_LANGUAGE_STANDARD = "gnu++20";
				CLANG_ENABLE_MODULES = YES;
				CLANG_ENABLE_OBJC_ARC = YES;
				CLANG_ENABLE_OBJC_WEAK = YES;
				CLANG_WARN_BLOCK_CAPTURE_AUTORELEASING = YES;
				CLANG_WARN_BOOL_CONVERSION = YES;
				CLANG_WARN_COMMA = YES;
				CLANG_WARN_CONSTANT_CONVERSION = YES;
				CLANG_WARN_DEPRECATED_OBJC_IMPLEMENTATIONS = YES;
				CLANG_WARN_DIRECT_OBJC_ISA_USAGE = YES_ERROR;
				CLANG_WARN_DOCUMENTATION_COMMENTS = YES;
				CLANG_WARN_EMPTY_BODY = YES;
				CLANG_WARN_ENUM_CONVERSION = YES;
				CLANG_WARN_INFINITE_RECURSION = YES;
				CLANG_WARN_INT_CONVERSION = YES;
				CLANG_WARN_NON_LITERAL_NULL_CONVERSION = YES;
				CLANG_WARN_OBJC_IMPLICIT_RETAIN_SELF = YES;
				CLANG_WARN_OBJC_LITERAL_CONVERSION = YES;
				CLANG_WARN_OBJC_ROOT_CLASS = YES_ERROR;
				CLANG_WARN_QUOTED_INCLUDE_IN_FRAMEWORK_HEADER = YES;
				CLANG_WARN_RANGE_LOOP_ANALYSIS = YES;
				CLANG_WARN_STRICT_PROTOTYPES = YES;
				CLANG_WARN_SUSPICIOUS_MOVE = YES;
				CLANG_WARN_UNGUARDED_AVAILABILITY = YES_AGGRESSIVE;
				CLANG_WARN_UNREACHABLE_CODE = YES;
				CLANG_WARN__DUPLICATE_METHOD_MATCH = YES;
				COPY_PHASE_STRIP = NO;
				CURRENT_PROJECT_VERSION = 1;
				DEBUG_INFORMATION_FORMAT = dwarf;
				ENABLE_STRICT_OBJC_MSGSEND = YES;
				ENABLE_TESTABILITY = YES;
				GCC_C_LANGUAGE_STANDARD = gnu11;
				GCC_DYNAMIC_NO_PIC = NO;
				GCC_NO_COMMON_BLOCKS = YES;
				GCC_OPTIMIZATION_LEVEL = 0;
				GCC_PREPROCESSOR_DEFINITIONS = (
					"DEBUG=1",
					"$(inherited)",
				);
				GCC_WARN_64_TO_32_BIT_CONVERSION = YES;
				GCC_WARN_ABOUT_RETURN_TYPE = YES_ERROR;
				GCC_WARN_UNDECLARED_SELECTOR = YES;
				GCC_WARN_UNINITIALIZED_AUTOS = YES_AGGRESSIVE;
				GCC_WARN_UNUSED_FUNCTION = YES;
				GCC_WARN_UNUSED_VARIABLE = YES;
				IPHONEOS_DEPLOYMENT_TARGET = 13.0;
				MTL_ENABLE_DEBUG_INFO = INCLUDE_SOURCE;
				MTL_FAST_MATH = YES;
				ONLY_ACTIVE_ARCH = YES;
				SDKROOT = iphoneos;
				SWIFT_ACTIVE_COMPILATION_CONDITIONS = DEBUG;
				SWIFT_OPTIMIZATION_LEVEL = "-Onone";
				VERSIONING_SYSTEM = "apple-generic";
				VERSION_INFO_PREFIX = "";
			};
			name = Debug;
		};
		B2A3B6772AB55898007B1B75 /* Release */ = {
			isa = XCBuildConfiguration;
			buildSettings = {
				ALWAYS_SEARCH_USER_PATHS = NO;
				CLANG_ANALYZER_NONNULL = YES;
				CLANG_ANALYZER_NUMBER_OBJECT_CONVERSION = YES_AGGRESSIVE;
				CLANG_CXX_LANGUAGE_STANDARD = "gnu++20";
				CLANG_ENABLE_MODULES = YES;
				CLANG_ENABLE_OBJC_ARC = YES;
				CLANG_ENABLE_OBJC_WEAK = YES;
				CLANG_WARN_BLOCK_CAPTURE_AUTORELEASING = YES;
				CLANG_WARN_BOOL_CONVERSION = YES;
				CLANG_WARN_COMMA = YES;
				CLANG_WARN_CONSTANT_CONVERSION = YES;
				CLANG_WARN_DEPRECATED_OBJC_IMPLEMENTATIONS = YES;
				CLANG_WARN_DIRECT_OBJC_ISA_USAGE = YES_ERROR;
				CLANG_WARN_DOCUMENTATION_COMMENTS = YES;
				CLANG_WARN_EMPTY_BODY = YES;
				CLANG_WARN_ENUM_CONVERSION = YES;
				CLANG_WARN_INFINITE_RECURSION = YES;
				CLANG_WARN_INT_CONVERSION = YES;
				CLANG_WARN_NON_LITERAL_NULL_CONVERSION = YES;
				CLANG_WARN_OBJC_IMPLICIT_RETAIN_SELF = YES;
				CLANG_WARN_OBJC_LITERAL_CONVERSION = YES;
				CLANG_WARN_OBJC_ROOT_CLASS = YES_ERROR;
				CLANG_WARN_QUOTED_INCLUDE_IN_FRAMEWORK_HEADER = YES;
				CLANG_WARN_RANGE_LOOP_ANALYSIS = YES;
				CLANG_WARN_STRICT_PROTOTYPES = YES;
				CLANG_WARN_SUSPICIOUS_MOVE = YES;
				CLANG_WARN_UNGUARDED_AVAILABILITY = YES_AGGRESSIVE;
				CLANG_WARN_UNREACHABLE_CODE = YES;
				CLANG_WARN__DUPLICATE_METHOD_MATCH = YES;
				COPY_PHASE_STRIP = NO;
				CURRENT_PROJECT_VERSION = 1;
				DEBUG_INFORMATION_FORMAT = "dwarf-with-dsym";
				ENABLE_NS_ASSERTIONS = NO;
				ENABLE_STRICT_OBJC_MSGSEND = YES;
				GCC_C_LANGUAGE_STANDARD = gnu11;
				GCC_NO_COMMON_BLOCKS = YES;
				GCC_WARN_64_TO_32_BIT_CONVERSION = YES;
				GCC_WARN_ABOUT_RETURN_TYPE = YES_ERROR;
				GCC_WARN_UNDECLARED_SELECTOR = YES;
				GCC_WARN_UNINITIALIZED_AUTOS = YES_AGGRESSIVE;
				GCC_WARN_UNUSED_FUNCTION = YES;
				GCC_WARN_UNUSED_VARIABLE = YES;
				IPHONEOS_DEPLOYMENT_TARGET = 13.0;
				MTL_ENABLE_DEBUG_INFO = NO;
				MTL_FAST_MATH = YES;
				SDKROOT = iphoneos;
				SWIFT_COMPILATION_MODE = wholemodule;
				SWIFT_OPTIMIZATION_LEVEL = "-O";
				VALIDATE_PRODUCT = YES;
				VERSIONING_SYSTEM = "apple-generic";
				VERSION_INFO_PREFIX = "";
			};
			name = Release;
		};
		B2A3B6792AB55898007B1B75 /* Debug */ = {
			isa = XCBuildConfiguration;
			buildSettings = {
				CLANG_ENABLE_MODULES = YES;
				CODE_SIGN_STYLE = Automatic;
				CURRENT_PROJECT_VERSION = 1;
				DEFINES_MODULE = YES;
				DEVELOPMENT_TEAM = 7DY6Z945T9;
				DYLIB_COMPATIBILITY_VERSION = 1;
				DYLIB_CURRENT_VERSION = 1;
				DYLIB_INSTALL_NAME_BASE = "@rpath";
				ENABLE_MODULE_VERIFIER = YES;
				GENERATE_INFOPLIST_FILE = YES;
				INFOPLIST_KEY_NSHumanReadableCopyright = "";
				INSTALL_PATH = "$(LOCAL_LIBRARY_DIR)/Frameworks";
				LD_RUNPATH_SEARCH_PATHS = (
					"$(inherited)",
					"@executable_path/Frameworks",
					"@loader_path/Frameworks",
				);
				MARKETING_VERSION = 1.0;
				MODULE_VERIFIER_SUPPORTED_LANGUAGES = "objective-c objective-c++";
				MODULE_VERIFIER_SUPPORTED_LANGUAGE_STANDARDS = "gnu11 gnu++20";
				PRODUCT_BUNDLE_IDENTIFIER = com.klioop.AppStoreSearchiOS;
				PRODUCT_NAME = "$(TARGET_NAME:c99extidentifier)";
				SKIP_INSTALL = YES;
				SWIFT_EMIT_LOC_STRINGS = YES;
				SWIFT_OPTIMIZATION_LEVEL = "-Onone";
				SWIFT_VERSION = 5.0;
				TARGETED_DEVICE_FAMILY = "1,2";
			};
			name = Debug;
		};
		B2A3B67A2AB55898007B1B75 /* Release */ = {
			isa = XCBuildConfiguration;
			buildSettings = {
				CLANG_ENABLE_MODULES = YES;
				CODE_SIGN_STYLE = Automatic;
				CURRENT_PROJECT_VERSION = 1;
				DEFINES_MODULE = YES;
				DEVELOPMENT_TEAM = 7DY6Z945T9;
				DYLIB_COMPATIBILITY_VERSION = 1;
				DYLIB_CURRENT_VERSION = 1;
				DYLIB_INSTALL_NAME_BASE = "@rpath";
				ENABLE_MODULE_VERIFIER = YES;
				GENERATE_INFOPLIST_FILE = YES;
				INFOPLIST_KEY_NSHumanReadableCopyright = "";
				INSTALL_PATH = "$(LOCAL_LIBRARY_DIR)/Frameworks";
				LD_RUNPATH_SEARCH_PATHS = (
					"$(inherited)",
					"@executable_path/Frameworks",
					"@loader_path/Frameworks",
				);
				MARKETING_VERSION = 1.0;
				MODULE_VERIFIER_SUPPORTED_LANGUAGES = "objective-c objective-c++";
				MODULE_VERIFIER_SUPPORTED_LANGUAGE_STANDARDS = "gnu11 gnu++20";
				PRODUCT_BUNDLE_IDENTIFIER = com.klioop.AppStoreSearchiOS;
				PRODUCT_NAME = "$(TARGET_NAME:c99extidentifier)";
				SKIP_INSTALL = YES;
				SWIFT_EMIT_LOC_STRINGS = YES;
				SWIFT_VERSION = 5.0;
				TARGETED_DEVICE_FAMILY = "1,2";
			};
			name = Release;
		};
		B2A3B67C2AB55898007B1B75 /* Debug */ = {
			isa = XCBuildConfiguration;
			buildSettings = {
				ALWAYS_EMBED_SWIFT_STANDARD_LIBRARIES = YES;
				CODE_SIGN_STYLE = Automatic;
				CURRENT_PROJECT_VERSION = 1;
				DEVELOPMENT_TEAM = 7DY6Z945T9;
				GENERATE_INFOPLIST_FILE = YES;
				MARKETING_VERSION = 1.0;
				PRODUCT_BUNDLE_IDENTIFIER = com.klioop.AppStoreSearchiOSTests;
				PRODUCT_NAME = "$(TARGET_NAME)";
				SWIFT_EMIT_LOC_STRINGS = NO;
				SWIFT_VERSION = 5.0;
				TARGETED_DEVICE_FAMILY = "1,2";
			};
			name = Debug;
		};
		B2A3B67D2AB55898007B1B75 /* Release */ = {
			isa = XCBuildConfiguration;
			buildSettings = {
				ALWAYS_EMBED_SWIFT_STANDARD_LIBRARIES = YES;
				CODE_SIGN_STYLE = Automatic;
				CURRENT_PROJECT_VERSION = 1;
				DEVELOPMENT_TEAM = 7DY6Z945T9;
				GENERATE_INFOPLIST_FILE = YES;
				MARKETING_VERSION = 1.0;
				PRODUCT_BUNDLE_IDENTIFIER = com.klioop.AppStoreSearchiOSTests;
				PRODUCT_NAME = "$(TARGET_NAME)";
				SWIFT_EMIT_LOC_STRINGS = NO;
				SWIFT_VERSION = 5.0;
				TARGETED_DEVICE_FAMILY = "1,2";
			};
			name = Release;
		};
		B2F15B222AB70B8A00158D5A /* Debug */ = {
			isa = XCBuildConfiguration;
			buildSettings = {
				CODE_SIGN_STYLE = Automatic;
				CURRENT_PROJECT_VERSION = 1;
				DEVELOPMENT_TEAM = 7DY6Z945T9;
				GENERATE_INFOPLIST_FILE = YES;
				IPHONEOS_DEPLOYMENT_TARGET = 16.4;
				MARKETING_VERSION = 1.0;
				PRODUCT_BUNDLE_IDENTIFIER = com.klioop.AppStoreSearchAPIEndToEndTests;
				PRODUCT_NAME = "$(TARGET_NAME)";
				SWIFT_EMIT_LOC_STRINGS = NO;
				SWIFT_VERSION = 5.0;
				TARGETED_DEVICE_FAMILY = "1,2";
			};
			name = Debug;
		};
		B2F15B232AB70B8A00158D5A /* Release */ = {
			isa = XCBuildConfiguration;
			buildSettings = {
				CODE_SIGN_STYLE = Automatic;
				CURRENT_PROJECT_VERSION = 1;
				DEVELOPMENT_TEAM = 7DY6Z945T9;
				GENERATE_INFOPLIST_FILE = YES;
				IPHONEOS_DEPLOYMENT_TARGET = 16.4;
				MARKETING_VERSION = 1.0;
				PRODUCT_BUNDLE_IDENTIFIER = com.klioop.AppStoreSearchAPIEndToEndTests;
				PRODUCT_NAME = "$(TARGET_NAME)";
				SWIFT_EMIT_LOC_STRINGS = NO;
				SWIFT_VERSION = 5.0;
				TARGETED_DEVICE_FAMILY = "1,2";
			};
			name = Release;
		};
/* End XCBuildConfiguration section */

/* Begin XCConfigurationList section */
		B23A6B372AB6F267006067F7 /* Build configuration list for PBXNativeTarget "AppStoreSearch" */ = {
			isa = XCConfigurationList;
			buildConfigurations = (
				B23A6B382AB6F267006067F7 /* Debug */,
				B23A6B392AB6F267006067F7 /* Release */,
			);
			defaultConfigurationIsVisible = 0;
			defaultConfigurationName = Release;
		};
		B23A6B3A2AB6F267006067F7 /* Build configuration list for PBXNativeTarget "AppStoreSearchTests" */ = {
			isa = XCConfigurationList;
			buildConfigurations = (
				B23A6B3B2AB6F267006067F7 /* Debug */,
				B23A6B3C2AB6F267006067F7 /* Release */,
			);
			defaultConfigurationIsVisible = 0;
			defaultConfigurationName = Release;
		};
		B2A3B6602AB55898007B1B75 /* Build configuration list for PBXProject "AppStoreSearchiOS" */ = {
			isa = XCConfigurationList;
			buildConfigurations = (
				B2A3B6762AB55898007B1B75 /* Debug */,
				B2A3B6772AB55898007B1B75 /* Release */,
			);
			defaultConfigurationIsVisible = 0;
			defaultConfigurationName = Release;
		};
		B2A3B6782AB55898007B1B75 /* Build configuration list for PBXNativeTarget "AppStoreSearchiOS" */ = {
			isa = XCConfigurationList;
			buildConfigurations = (
				B2A3B6792AB55898007B1B75 /* Debug */,
				B2A3B67A2AB55898007B1B75 /* Release */,
			);
			defaultConfigurationIsVisible = 0;
			defaultConfigurationName = Release;
		};
		B2A3B67B2AB55898007B1B75 /* Build configuration list for PBXNativeTarget "AppStoreSearchiOSTests" */ = {
			isa = XCConfigurationList;
			buildConfigurations = (
				B2A3B67C2AB55898007B1B75 /* Debug */,
				B2A3B67D2AB55898007B1B75 /* Release */,
			);
			defaultConfigurationIsVisible = 0;
			defaultConfigurationName = Release;
		};
		B2F15B242AB70B8A00158D5A /* Build configuration list for PBXNativeTarget "AppStoreSearchAPIEndToEndTests" */ = {
			isa = XCConfigurationList;
			buildConfigurations = (
				B2F15B222AB70B8A00158D5A /* Debug */,
				B2F15B232AB70B8A00158D5A /* Release */,
			);
			defaultConfigurationIsVisible = 0;
			defaultConfigurationName = Release;
		};
/* End XCConfigurationList section */

/* Begin XCRemoteSwiftPackageReference section */
		B2A3B6812AB55B7B007B1B75 /* XCRemoteSwiftPackageReference "SnapKit" */ = {
			isa = XCRemoteSwiftPackageReference;
			repositoryURL = "https://github.com/SnapKit/SnapKit.git";
			requirement = {
				kind = upToNextMajorVersion;
				minimumVersion = 5.0.0;
			};
		};
/* End XCRemoteSwiftPackageReference section */

/* Begin XCSwiftPackageProductDependency section */
		B2A3B6822AB55B7B007B1B75 /* SnapKit */ = {
			isa = XCSwiftPackageProductDependency;
			package = B2A3B6812AB55B7B007B1B75 /* XCRemoteSwiftPackageReference "SnapKit" */;
			productName = SnapKit;
		};
/* End XCSwiftPackageProductDependency section */
	};
	rootObject = B2A3B65D2AB55898007B1B75 /* Project object */;
}
