// !$*UTF8*$!
{
	archiveVersion = 1;
	classes = {
	};
	objectVersion = 56;
	objects = {

/* Begin PBXBuildFile section */
		B2A3B66F2AB55898007B1B75 /* AppStoreSearchiOS.framework in Frameworks */ = {isa = PBXBuildFile; fileRef = B2A3B6662AB55898007B1B75 /* AppStoreSearchiOS.framework */; };
		B2A3B6802AB55B47007B1B75 /* AppStoreSearchView.swift in Sources */ = {isa = PBXBuildFile; fileRef = B2A3B67F2AB55B47007B1B75 /* AppStoreSearchView.swift */; };
		B2A3B6832AB55B7B007B1B75 /* SnapKit in Frameworks */ = {isa = PBXBuildFile; productRef = B2A3B6822AB55B7B007B1B75 /* SnapKit */; };
		B2A3B6852AB56013007B1B75 /* ScreenSafeArea.swift in Sources */ = {isa = PBXBuildFile; fileRef = B2A3B6842AB56013007B1B75 /* ScreenSafeArea.swift */; };
		B2A3B6872AB564C0007B1B75 /* AppStoreSearchContainerViewController.swift in Sources */ = {isa = PBXBuildFile; fileRef = B2A3B6862AB564C0007B1B75 /* AppStoreSearchContainerViewController.swift */; };
		B2A3B68F2AB56609007B1B75 /* XCTestCase+SnapshotHelpers.swift in Sources */ = {isa = PBXBuildFile; fileRef = B2A3B68D2AB56609007B1B75 /* XCTestCase+SnapshotHelpers.swift */; };
		B2A3B6902AB56609007B1B75 /* UIViewController+snapshot.swift in Sources */ = {isa = PBXBuildFile; fileRef = B2A3B68E2AB56609007B1B75 /* UIViewController+snapshot.swift */; };
		B2A3B6942AB566E6007B1B75 /* AppStoreSearchUISnapshotTests.swift in Sources */ = {isa = PBXBuildFile; fileRef = B2A3B6932AB566E6007B1B75 /* AppStoreSearchUISnapshotTests.swift */; };
		B2A3B6992AB568B2007B1B75 /* APPSTORE_SEARCH_WITH_RECENT_TERMS_light.png in Resources */ = {isa = PBXBuildFile; fileRef = B2A3B6982AB568B2007B1B75 /* APPSTORE_SEARCH_WITH_RECENT_TERMS_light.png */; };
		B2A3B69D2AB56AB8007B1B75 /* RefreshController.swift in Sources */ = {isa = PBXBuildFile; fileRef = B2A3B69A2AB56AB8007B1B75 /* RefreshController.swift */; };
		B2A3B69E2AB56AB8007B1B75 /* ListVIewController.swift in Sources */ = {isa = PBXBuildFile; fileRef = B2A3B69B2AB56AB8007B1B75 /* ListVIewController.swift */; };
		B2A3B69F2AB56AB8007B1B75 /* CollectionListViewController.swift in Sources */ = {isa = PBXBuildFile; fileRef = B2A3B69C2AB56AB8007B1B75 /* CollectionListViewController.swift */; };
		B2A3B6A22AB56AD3007B1B75 /* CellController.swift in Sources */ = {isa = PBXBuildFile; fileRef = B2A3B6A02AB56AD3007B1B75 /* CellController.swift */; };
		B2A3B6A32AB56AD3007B1B75 /* TableCellController.swift in Sources */ = {isa = PBXBuildFile; fileRef = B2A3B6A12AB56AD3007B1B75 /* TableCellController.swift */; };
		B2A3B6A62AB56C97007B1B75 /* AppStoreRecentSearchTitleCell.swift in Sources */ = {isa = PBXBuildFile; fileRef = B2A3B6A52AB56C97007B1B75 /* AppStoreRecentSearchTitleCell.swift */; };
		B2A3B6A82AB56D7C007B1B75 /* AppStoreRecentSearchTitleCellController.swift in Sources */ = {isa = PBXBuildFile; fileRef = B2A3B6A72AB56D7C007B1B75 /* AppStoreRecentSearchTitleCellController.swift */; };
		B2A3B6AA2AB56E06007B1B75 /* AppStoreRecentSearchTermCell.swift in Sources */ = {isa = PBXBuildFile; fileRef = B2A3B6A92AB56E06007B1B75 /* AppStoreRecentSearchTermCell.swift */; };
		B2A3B6AC2AB56FB9007B1B75 /* AppStoreRecentSearchTermCellController.swift in Sources */ = {isa = PBXBuildFile; fileRef = B2A3B6AB2AB56FB9007B1B75 /* AppStoreRecentSearchTermCellController.swift */; };
		B2A3B6AE2AB579FF007B1B75 /* AppStoreSearchViewController.swift in Sources */ = {isa = PBXBuildFile; fileRef = B2A3B6AD2AB579FF007B1B75 /* AppStoreSearchViewController.swift */; };
		B2A3B6B02AB57B7F007B1B75 /* APPSTORE_SEARCH_WITHOUT_RECENT_TERMS_light.png in Resources */ = {isa = PBXBuildFile; fileRef = B2A3B6AF2AB57B7F007B1B75 /* APPSTORE_SEARCH_WITHOUT_RECENT_TERMS_light.png */; };
		B2A3B6B22AB57F1F007B1B75 /* AppStoreSearchViewModel.swift in Sources */ = {isa = PBXBuildFile; fileRef = B2A3B6B12AB57F1F007B1B75 /* AppStoreSearchViewModel.swift */; };
		B2A3B6B42AB57F7F007B1B75 /* APPSTORE_SEARCH_WITH_MATCHED_RECENT_TERMS_light.png in Resources */ = {isa = PBXBuildFile; fileRef = B2A3B6B32AB57F7F007B1B75 /* APPSTORE_SEARCH_WITH_MATCHED_RECENT_TERMS_light.png */; };
		B2A3B6B72AB5815E007B1B75 /* AppStoreRecentSearchTermViewModel.swift in Sources */ = {isa = PBXBuildFile; fileRef = B2A3B6B62AB5815E007B1B75 /* AppStoreRecentSearchTermViewModel.swift */; };
		B2A3B6B92AB58340007B1B75 /* AppStoreSearchRatingMaskingView.swift in Sources */ = {isa = PBXBuildFile; fileRef = B2A3B6B82AB58340007B1B75 /* AppStoreSearchRatingMaskingView.swift */; };
/* End PBXBuildFile section */

/* Begin PBXContainerItemProxy section */
		B2A3B6702AB55898007B1B75 /* PBXContainerItemProxy */ = {
			isa = PBXContainerItemProxy;
			containerPortal = B2A3B65D2AB55898007B1B75 /* Project object */;
			proxyType = 1;
			remoteGlobalIDString = B2A3B6652AB55898007B1B75;
			remoteInfo = AppStoreSearchiOS;
		};
/* End PBXContainerItemProxy section */

/* Begin PBXFileReference section */
		B2A3B6662AB55898007B1B75 /* AppStoreSearchiOS.framework */ = {isa = PBXFileReference; explicitFileType = wrapper.framework; includeInIndex = 0; path = AppStoreSearchiOS.framework; sourceTree = BUILT_PRODUCTS_DIR; };
		B2A3B66E2AB55898007B1B75 /* AppStoreSearchiOSTests.xctest */ = {isa = PBXFileReference; explicitFileType = wrapper.cfbundle; includeInIndex = 0; path = AppStoreSearchiOSTests.xctest; sourceTree = BUILT_PRODUCTS_DIR; };
		B2A3B67F2AB55B47007B1B75 /* AppStoreSearchView.swift */ = {isa = PBXFileReference; lastKnownFileType = sourcecode.swift; path = AppStoreSearchView.swift; sourceTree = "<group>"; };
		B2A3B6842AB56013007B1B75 /* ScreenSafeArea.swift */ = {isa = PBXFileReference; lastKnownFileType = sourcecode.swift; path = ScreenSafeArea.swift; sourceTree = "<group>"; };
		B2A3B6862AB564C0007B1B75 /* AppStoreSearchContainerViewController.swift */ = {isa = PBXFileReference; lastKnownFileType = sourcecode.swift; path = AppStoreSearchContainerViewController.swift; sourceTree = "<group>"; };
		B2A3B68D2AB56609007B1B75 /* XCTestCase+SnapshotHelpers.swift */ = {isa = PBXFileReference; fileEncoding = 4; lastKnownFileType = sourcecode.swift; path = "XCTestCase+SnapshotHelpers.swift"; sourceTree = "<group>"; };
		B2A3B68E2AB56609007B1B75 /* UIViewController+snapshot.swift */ = {isa = PBXFileReference; fileEncoding = 4; lastKnownFileType = sourcecode.swift; path = "UIViewController+snapshot.swift"; sourceTree = "<group>"; };
		B2A3B6932AB566E6007B1B75 /* AppStoreSearchUISnapshotTests.swift */ = {isa = PBXFileReference; lastKnownFileType = sourcecode.swift; path = AppStoreSearchUISnapshotTests.swift; sourceTree = "<group>"; };
		B2A3B6952AB5685A007B1B75 /* AppStoreSearchiOS.xctestplan */ = {isa = PBXFileReference; lastKnownFileType = text; path = AppStoreSearchiOS.xctestplan; sourceTree = "<group>"; };
		B2A3B6982AB568B2007B1B75 /* APPSTORE_SEARCH_WITH_RECENT_TERMS_light.png */ = {isa = PBXFileReference; lastKnownFileType = image.png; path = APPSTORE_SEARCH_WITH_RECENT_TERMS_light.png; sourceTree = "<group>"; };
		B2A3B69A2AB56AB8007B1B75 /* RefreshController.swift */ = {isa = PBXFileReference; fileEncoding = 4; lastKnownFileType = sourcecode.swift; path = RefreshController.swift; sourceTree = "<group>"; };
		B2A3B69B2AB56AB8007B1B75 /* ListVIewController.swift */ = {isa = PBXFileReference; fileEncoding = 4; lastKnownFileType = sourcecode.swift; path = ListVIewController.swift; sourceTree = "<group>"; };
		B2A3B69C2AB56AB8007B1B75 /* CollectionListViewController.swift */ = {isa = PBXFileReference; fileEncoding = 4; lastKnownFileType = sourcecode.swift; path = CollectionListViewController.swift; sourceTree = "<group>"; };
		B2A3B6A02AB56AD3007B1B75 /* CellController.swift */ = {isa = PBXFileReference; fileEncoding = 4; lastKnownFileType = sourcecode.swift; path = CellController.swift; sourceTree = "<group>"; };
		B2A3B6A12AB56AD3007B1B75 /* TableCellController.swift */ = {isa = PBXFileReference; fileEncoding = 4; lastKnownFileType = sourcecode.swift; path = TableCellController.swift; sourceTree = "<group>"; };
		B2A3B6A52AB56C97007B1B75 /* AppStoreRecentSearchTitleCell.swift */ = {isa = PBXFileReference; lastKnownFileType = sourcecode.swift; path = AppStoreRecentSearchTitleCell.swift; sourceTree = "<group>"; };
		B2A3B6A72AB56D7C007B1B75 /* AppStoreRecentSearchTitleCellController.swift */ = {isa = PBXFileReference; lastKnownFileType = sourcecode.swift; path = AppStoreRecentSearchTitleCellController.swift; sourceTree = "<group>"; };
		B2A3B6A92AB56E06007B1B75 /* AppStoreRecentSearchTermCell.swift */ = {isa = PBXFileReference; lastKnownFileType = sourcecode.swift; path = AppStoreRecentSearchTermCell.swift; sourceTree = "<group>"; };
		B2A3B6AB2AB56FB9007B1B75 /* AppStoreRecentSearchTermCellController.swift */ = {isa = PBXFileReference; lastKnownFileType = sourcecode.swift; path = AppStoreRecentSearchTermCellController.swift; sourceTree = "<group>"; };
		B2A3B6AD2AB579FF007B1B75 /* AppStoreSearchViewController.swift */ = {isa = PBXFileReference; lastKnownFileType = sourcecode.swift; path = AppStoreSearchViewController.swift; sourceTree = "<group>"; };
		B2A3B6AF2AB57B7F007B1B75 /* APPSTORE_SEARCH_WITHOUT_RECENT_TERMS_light.png */ = {isa = PBXFileReference; lastKnownFileType = image.png; path = APPSTORE_SEARCH_WITHOUT_RECENT_TERMS_light.png; sourceTree = "<group>"; };
		B2A3B6B12AB57F1F007B1B75 /* AppStoreSearchViewModel.swift */ = {isa = PBXFileReference; lastKnownFileType = sourcecode.swift; path = AppStoreSearchViewModel.swift; sourceTree = "<group>"; };
		B2A3B6B32AB57F7F007B1B75 /* APPSTORE_SEARCH_WITH_MATCHED_RECENT_TERMS_light.png */ = {isa = PBXFileReference; lastKnownFileType = image.png; path = APPSTORE_SEARCH_WITH_MATCHED_RECENT_TERMS_light.png; sourceTree = "<group>"; };
		B2A3B6B62AB5815E007B1B75 /* AppStoreRecentSearchTermViewModel.swift */ = {isa = PBXFileReference; lastKnownFileType = sourcecode.swift; path = AppStoreRecentSearchTermViewModel.swift; sourceTree = "<group>"; };
		B2A3B6B82AB58340007B1B75 /* AppStoreSearchRatingMaskingView.swift */ = {isa = PBXFileReference; lastKnownFileType = sourcecode.swift; path = AppStoreSearchRatingMaskingView.swift; sourceTree = "<group>"; };
/* End PBXFileReference section */

/* Begin PBXFrameworksBuildPhase section */
		B2A3B6632AB55898007B1B75 /* Frameworks */ = {
			isa = PBXFrameworksBuildPhase;
			buildActionMask = 2147483647;
			files = (
				B2A3B6832AB55B7B007B1B75 /* SnapKit in Frameworks */,
			);
			runOnlyForDeploymentPostprocessing = 0;
		};
		B2A3B66B2AB55898007B1B75 /* Frameworks */ = {
			isa = PBXFrameworksBuildPhase;
			buildActionMask = 2147483647;
			files = (
				B2A3B66F2AB55898007B1B75 /* AppStoreSearchiOS.framework in Frameworks */,
			);
			runOnlyForDeploymentPostprocessing = 0;
		};
/* End PBXFrameworksBuildPhase section */

/* Begin PBXGroup section */
		B2A3B65C2AB55898007B1B75 = {
			isa = PBXGroup;
			children = (
				B2A3B6952AB5685A007B1B75 /* AppStoreSearchiOS.xctestplan */,
				B2A3B67E2AB55B3C007B1B75 /* AppStoreSearchiOS */,
				B2A3B6722AB55898007B1B75 /* AppStoreSearchiOSTests */,
				B2A3B6672AB55898007B1B75 /* Products */,
			);
			sourceTree = "<group>";
		};
		B2A3B6672AB55898007B1B75 /* Products */ = {
			isa = PBXGroup;
			children = (
				B2A3B6662AB55898007B1B75 /* AppStoreSearchiOS.framework */,
				B2A3B66E2AB55898007B1B75 /* AppStoreSearchiOSTests.xctest */,
			);
			name = Products;
			sourceTree = "<group>";
		};
		B2A3B6722AB55898007B1B75 /* AppStoreSearchiOSTests */ = {
			isa = PBXGroup;
			children = (
				B2A3B6922AB566C7007B1B75 /* AppStoreSearch UI */,
				B2A3B6912AB56629007B1B75 /* Helpers */,
			);
			path = AppStoreSearchiOSTests;
			sourceTree = "<group>";
		};
		B2A3B67E2AB55B3C007B1B75 /* AppStoreSearchiOS */ = {
			isa = PBXGroup;
			children = (
				B2A3B6B52AB5813F007B1B75 /* Presentation */,
				B2A3B6A42AB56BD2007B1B75 /* Shared */,
				B2A3B67F2AB55B47007B1B75 /* AppStoreSearchView.swift */,
				B2A3B6862AB564C0007B1B75 /* AppStoreSearchContainerViewController.swift */,
				B2A3B6A52AB56C97007B1B75 /* AppStoreRecentSearchTitleCell.swift */,
				B2A3B6A72AB56D7C007B1B75 /* AppStoreRecentSearchTitleCellController.swift */,
				B2A3B6A92AB56E06007B1B75 /* AppStoreRecentSearchTermCell.swift */,
				B2A3B6AB2AB56FB9007B1B75 /* AppStoreRecentSearchTermCellController.swift */,
				B2A3B6AD2AB579FF007B1B75 /* AppStoreSearchViewController.swift */,
				B2A3B6B82AB58340007B1B75 /* AppStoreSearchRatingMaskingView.swift */,
			);
			path = AppStoreSearchiOS;
			sourceTree = "<group>";
		};
		B2A3B6912AB56629007B1B75 /* Helpers */ = {
			isa = PBXGroup;
			children = (
				B2A3B68E2AB56609007B1B75 /* UIViewController+snapshot.swift */,
				B2A3B68D2AB56609007B1B75 /* XCTestCase+SnapshotHelpers.swift */,
			);
			path = Helpers;
			sourceTree = "<group>";
		};
		B2A3B6922AB566C7007B1B75 /* AppStoreSearch UI */ = {
			isa = PBXGroup;
			children = (
				B2A3B6972AB568B2007B1B75 /* snapshots */,
				B2A3B6932AB566E6007B1B75 /* AppStoreSearchUISnapshotTests.swift */,
			);
			path = "AppStoreSearch UI";
			sourceTree = "<group>";
		};
		B2A3B6972AB568B2007B1B75 /* snapshots */ = {
			isa = PBXGroup;
			children = (
				B2A3B6AF2AB57B7F007B1B75 /* APPSTORE_SEARCH_WITHOUT_RECENT_TERMS_light.png */,
				B2A3B6982AB568B2007B1B75 /* APPSTORE_SEARCH_WITH_RECENT_TERMS_light.png */,
				B2A3B6B32AB57F7F007B1B75 /* APPSTORE_SEARCH_WITH_MATCHED_RECENT_TERMS_light.png */,
			);
			path = snapshots;
			sourceTree = "<group>";
		};
		B2A3B6A42AB56BD2007B1B75 /* Shared */ = {
			isa = PBXGroup;
			children = (
				B2A3B6842AB56013007B1B75 /* ScreenSafeArea.swift */,
				B2A3B69B2AB56AB8007B1B75 /* ListVIewController.swift */,
				B2A3B69C2AB56AB8007B1B75 /* CollectionListViewController.swift */,
				B2A3B6A02AB56AD3007B1B75 /* CellController.swift */,
				B2A3B6A12AB56AD3007B1B75 /* TableCellController.swift */,
				B2A3B69A2AB56AB8007B1B75 /* RefreshController.swift */,
			);
			path = Shared;
			sourceTree = "<group>";
		};
		B2A3B6B52AB5813F007B1B75 /* Presentation */ = {
			isa = PBXGroup;
			children = (
				B2A3B6B12AB57F1F007B1B75 /* AppStoreSearchViewModel.swift */,
				B2A3B6B62AB5815E007B1B75 /* AppStoreRecentSearchTermViewModel.swift */,
			);
			path = Presentation;
			sourceTree = "<group>";
		};
/* End PBXGroup section */

/* Begin PBXHeadersBuildPhase section */
		B2A3B6612AB55898007B1B75 /* Headers */ = {
			isa = PBXHeadersBuildPhase;
			buildActionMask = 2147483647;
			files = (
			);
			runOnlyForDeploymentPostprocessing = 0;
		};
/* End PBXHeadersBuildPhase section */

/* Begin PBXNativeTarget section */
		B2A3B6652AB55898007B1B75 /* AppStoreSearchiOS */ = {
			isa = PBXNativeTarget;
			buildConfigurationList = B2A3B6782AB55898007B1B75 /* Build configuration list for PBXNativeTarget "AppStoreSearchiOS" */;
			buildPhases = (
				B2A3B6612AB55898007B1B75 /* Headers */,
				B2A3B6622AB55898007B1B75 /* Sources */,
				B2A3B6632AB55898007B1B75 /* Frameworks */,
				B2A3B6642AB55898007B1B75 /* Resources */,
			);
			buildRules = (
			);
			dependencies = (
			);
			name = AppStoreSearchiOS;
			packageProductDependencies = (
				B2A3B6822AB55B7B007B1B75 /* SnapKit */,
			);
			productName = AppStoreSearchiOS;
			productReference = B2A3B6662AB55898007B1B75 /* AppStoreSearchiOS.framework */;
			productType = "com.apple.product-type.framework";
		};
		B2A3B66D2AB55898007B1B75 /* AppStoreSearchiOSTests */ = {
			isa = PBXNativeTarget;
			buildConfigurationList = B2A3B67B2AB55898007B1B75 /* Build configuration list for PBXNativeTarget "AppStoreSearchiOSTests" */;
			buildPhases = (
				B2A3B66A2AB55898007B1B75 /* Sources */,
				B2A3B66B2AB55898007B1B75 /* Frameworks */,
				B2A3B66C2AB55898007B1B75 /* Resources */,
			);
			buildRules = (
			);
			dependencies = (
				B2A3B6712AB55898007B1B75 /* PBXTargetDependency */,
			);
			name = AppStoreSearchiOSTests;
			productName = AppStoreSearchiOSTests;
			productReference = B2A3B66E2AB55898007B1B75 /* AppStoreSearchiOSTests.xctest */;
			productType = "com.apple.product-type.bundle.unit-test";
		};
/* End PBXNativeTarget section */

/* Begin PBXProject section */
		B2A3B65D2AB55898007B1B75 /* Project object */ = {
			isa = PBXProject;
			attributes = {
				BuildIndependentTargetsInParallel = 1;
				LastSwiftUpdateCheck = 1430;
				LastUpgradeCheck = 1430;
				TargetAttributes = {
					B2A3B6652AB55898007B1B75 = {
						CreatedOnToolsVersion = 14.3;
						LastSwiftMigration = 1430;
					};
					B2A3B66D2AB55898007B1B75 = {
						CreatedOnToolsVersion = 14.3;
					};
				};
			};
			buildConfigurationList = B2A3B6602AB55898007B1B75 /* Build configuration list for PBXProject "AppStoreSearchiOS" */;
			compatibilityVersion = "Xcode 14.0";
			developmentRegion = en;
			hasScannedForEncodings = 0;
			knownRegions = (
				en,
				Base,
			);
			mainGroup = B2A3B65C2AB55898007B1B75;
			packageReferences = (
				B2A3B6812AB55B7B007B1B75 /* XCRemoteSwiftPackageReference "SnapKit" */,
			);
			productRefGroup = B2A3B6672AB55898007B1B75 /* Products */;
			projectDirPath = "";
			projectRoot = "";
			targets = (
				B2A3B6652AB55898007B1B75 /* AppStoreSearchiOS */,
				B2A3B66D2AB55898007B1B75 /* AppStoreSearchiOSTests */,
			);
		};
/* End PBXProject section */

/* Begin PBXResourcesBuildPhase section */
		B2A3B6642AB55898007B1B75 /* Resources */ = {
			isa = PBXResourcesBuildPhase;
			buildActionMask = 2147483647;
			files = (
			);
			runOnlyForDeploymentPostprocessing = 0;
		};
		B2A3B66C2AB55898007B1B75 /* Resources */ = {
			isa = PBXResourcesBuildPhase;
			buildActionMask = 2147483647;
			files = (
				B2A3B6B42AB57F7F007B1B75 /* APPSTORE_SEARCH_WITH_MATCHED_RECENT_TERMS_light.png in Resources */,
				B2A3B6B02AB57B7F007B1B75 /* APPSTORE_SEARCH_WITHOUT_RECENT_TERMS_light.png in Resources */,
				B2A3B6992AB568B2007B1B75 /* APPSTORE_SEARCH_WITH_RECENT_TERMS_light.png in Resources */,
			);
			runOnlyForDeploymentPostprocessing = 0;
		};
/* End PBXResourcesBuildPhase section */

/* Begin PBXSourcesBuildPhase section */
		B2A3B6622AB55898007B1B75 /* Sources */ = {
			isa = PBXSourcesBuildPhase;
			buildActionMask = 2147483647;
			files = (
				B2A3B6AE2AB579FF007B1B75 /* AppStoreSearchViewController.swift in Sources */,
				B2A3B6A32AB56AD3007B1B75 /* TableCellController.swift in Sources */,
				B2A3B6A22AB56AD3007B1B75 /* CellController.swift in Sources */,
				B2A3B69F2AB56AB8007B1B75 /* CollectionListViewController.swift in Sources */,
				B2A3B6A62AB56C97007B1B75 /* AppStoreRecentSearchTitleCell.swift in Sources */,
				B2A3B6B72AB5815E007B1B75 /* AppStoreRecentSearchTermViewModel.swift in Sources */,
				B2A3B6AC2AB56FB9007B1B75 /* AppStoreRecentSearchTermCellController.swift in Sources */,
				B2A3B6802AB55B47007B1B75 /* AppStoreSearchView.swift in Sources */,
				B2A3B6A82AB56D7C007B1B75 /* AppStoreRecentSearchTitleCellController.swift in Sources */,
				B2A3B69D2AB56AB8007B1B75 /* RefreshController.swift in Sources */,
				B2A3B6872AB564C0007B1B75 /* AppStoreSearchContainerViewController.swift in Sources */,
				B2A3B6B22AB57F1F007B1B75 /* AppStoreSearchViewModel.swift in Sources */,
				B2A3B6852AB56013007B1B75 /* ScreenSafeArea.swift in Sources */,
				B2A3B6AA2AB56E06007B1B75 /* AppStoreRecentSearchTermCell.swift in Sources */,
				B2A3B6B92AB58340007B1B75 /* AppStoreSearchRatingMaskingView.swift in Sources */,
				B2A3B69E2AB56AB8007B1B75 /* ListVIewController.swift in Sources */,
			);
			runOnlyForDeploymentPostprocessing = 0;
		};
		B2A3B66A2AB55898007B1B75 /* Sources */ = {
			isa = PBXSourcesBuildPhase;
			buildActionMask = 2147483647;
			files = (
				B2A3B6942AB566E6007B1B75 /* AppStoreSearchUISnapshotTests.swift in Sources */,
				B2A3B6902AB56609007B1B75 /* UIViewController+snapshot.swift in Sources */,
				B2A3B68F2AB56609007B1B75 /* XCTestCase+SnapshotHelpers.swift in Sources */,
			);
			runOnlyForDeploymentPostprocessing = 0;
		};
/* End PBXSourcesBuildPhase section */

/* Begin PBXTargetDependency section */
		B2A3B6712AB55898007B1B75 /* PBXTargetDependency */ = {
			isa = PBXTargetDependency;
			target = B2A3B6652AB55898007B1B75 /* AppStoreSearchiOS */;
			targetProxy = B2A3B6702AB55898007B1B75 /* PBXContainerItemProxy */;
		};
/* End PBXTargetDependency section */

/* Begin XCBuildConfiguration section */
		B2A3B6762AB55898007B1B75 /* Debug */ = {
			isa = XCBuildConfiguration;
			buildSettings = {
				ALWAYS_SEARCH_USER_PATHS = NO;
				CLANG_ANALYZER_NONNULL = YES;
				CLANG_ANALYZER_NUMBER_OBJECT_CONVERSION = YES_AGGRESSIVE;
				CLANG_CXX_LANGUAGE_STANDARD = "gnu++20";
				CLANG_ENABLE_MODULES = YES;
				CLANG_ENABLE_OBJC_ARC = YES;
				CLANG_ENABLE_OBJC_WEAK = YES;
				CLANG_WARN_BLOCK_CAPTURE_AUTORELEASING = YES;
				CLANG_WARN_BOOL_CONVERSION = YES;
				CLANG_WARN_COMMA = YES;
				CLANG_WARN_CONSTANT_CONVERSION = YES;
				CLANG_WARN_DEPRECATED_OBJC_IMPLEMENTATIONS = YES;
				CLANG_WARN_DIRECT_OBJC_ISA_USAGE = YES_ERROR;
				CLANG_WARN_DOCUMENTATION_COMMENTS = YES;
				CLANG_WARN_EMPTY_BODY = YES;
				CLANG_WARN_ENUM_CONVERSION = YES;
				CLANG_WARN_INFINITE_RECURSION = YES;
				CLANG_WARN_INT_CONVERSION = YES;
				CLANG_WARN_NON_LITERAL_NULL_CONVERSION = YES;
				CLANG_WARN_OBJC_IMPLICIT_RETAIN_SELF = YES;
				CLANG_WARN_OBJC_LITERAL_CONVERSION = YES;
				CLANG_WARN_OBJC_ROOT_CLASS = YES_ERROR;
				CLANG_WARN_QUOTED_INCLUDE_IN_FRAMEWORK_HEADER = YES;
				CLANG_WARN_RANGE_LOOP_ANALYSIS = YES;
				CLANG_WARN_STRICT_PROTOTYPES = YES;
				CLANG_WARN_SUSPICIOUS_MOVE = YES;
				CLANG_WARN_UNGUARDED_AVAILABILITY = YES_AGGRESSIVE;
				CLANG_WARN_UNREACHABLE_CODE = YES;
				CLANG_WARN__DUPLICATE_METHOD_MATCH = YES;
				COPY_PHASE_STRIP = NO;
				CURRENT_PROJECT_VERSION = 1;
				DEBUG_INFORMATION_FORMAT = dwarf;
				ENABLE_STRICT_OBJC_MSGSEND = YES;
				ENABLE_TESTABILITY = YES;
				GCC_C_LANGUAGE_STANDARD = gnu11;
				GCC_DYNAMIC_NO_PIC = NO;
				GCC_NO_COMMON_BLOCKS = YES;
				GCC_OPTIMIZATION_LEVEL = 0;
				GCC_PREPROCESSOR_DEFINITIONS = (
					"DEBUG=1",
					"$(inherited)",
				);
				GCC_WARN_64_TO_32_BIT_CONVERSION = YES;
				GCC_WARN_ABOUT_RETURN_TYPE = YES_ERROR;
				GCC_WARN_UNDECLARED_SELECTOR = YES;
				GCC_WARN_UNINITIALIZED_AUTOS = YES_AGGRESSIVE;
				GCC_WARN_UNUSED_FUNCTION = YES;
				GCC_WARN_UNUSED_VARIABLE = YES;
				IPHONEOS_DEPLOYMENT_TARGET = 13.0;
				MTL_ENABLE_DEBUG_INFO = INCLUDE_SOURCE;
				MTL_FAST_MATH = YES;
				ONLY_ACTIVE_ARCH = YES;
				SDKROOT = iphoneos;
				SWIFT_ACTIVE_COMPILATION_CONDITIONS = DEBUG;
				SWIFT_OPTIMIZATION_LEVEL = "-Onone";
				VERSIONING_SYSTEM = "apple-generic";
				VERSION_INFO_PREFIX = "";
			};
			name = Debug;
		};
		B2A3B6772AB55898007B1B75 /* Release */ = {
			isa = XCBuildConfiguration;
			buildSettings = {
				ALWAYS_SEARCH_USER_PATHS = NO;
				CLANG_ANALYZER_NONNULL = YES;
				CLANG_ANALYZER_NUMBER_OBJECT_CONVERSION = YES_AGGRESSIVE;
				CLANG_CXX_LANGUAGE_STANDARD = "gnu++20";
				CLANG_ENABLE_MODULES = YES;
				CLANG_ENABLE_OBJC_ARC = YES;
				CLANG_ENABLE_OBJC_WEAK = YES;
				CLANG_WARN_BLOCK_CAPTURE_AUTORELEASING = YES;
				CLANG_WARN_BOOL_CONVERSION = YES;
				CLANG_WARN_COMMA = YES;
				CLANG_WARN_CONSTANT_CONVERSION = YES;
				CLANG_WARN_DEPRECATED_OBJC_IMPLEMENTATIONS = YES;
				CLANG_WARN_DIRECT_OBJC_ISA_USAGE = YES_ERROR;
				CLANG_WARN_DOCUMENTATION_COMMENTS = YES;
				CLANG_WARN_EMPTY_BODY = YES;
				CLANG_WARN_ENUM_CONVERSION = YES;
				CLANG_WARN_INFINITE_RECURSION = YES;
				CLANG_WARN_INT_CONVERSION = YES;
				CLANG_WARN_NON_LITERAL_NULL_CONVERSION = YES;
				CLANG_WARN_OBJC_IMPLICIT_RETAIN_SELF = YES;
				CLANG_WARN_OBJC_LITERAL_CONVERSION = YES;
				CLANG_WARN_OBJC_ROOT_CLASS = YES_ERROR;
				CLANG_WARN_QUOTED_INCLUDE_IN_FRAMEWORK_HEADER = YES;
				CLANG_WARN_RANGE_LOOP_ANALYSIS = YES;
				CLANG_WARN_STRICT_PROTOTYPES = YES;
				CLANG_WARN_SUSPICIOUS_MOVE = YES;
				CLANG_WARN_UNGUARDED_AVAILABILITY = YES_AGGRESSIVE;
				CLANG_WARN_UNREACHABLE_CODE = YES;
				CLANG_WARN__DUPLICATE_METHOD_MATCH = YES;
				COPY_PHASE_STRIP = NO;
				CURRENT_PROJECT_VERSION = 1;
				DEBUG_INFORMATION_FORMAT = "dwarf-with-dsym";
				ENABLE_NS_ASSERTIONS = NO;
				ENABLE_STRICT_OBJC_MSGSEND = YES;
				GCC_C_LANGUAGE_STANDARD = gnu11;
				GCC_NO_COMMON_BLOCKS = YES;
				GCC_WARN_64_TO_32_BIT_CONVERSION = YES;
				GCC_WARN_ABOUT_RETURN_TYPE = YES_ERROR;
				GCC_WARN_UNDECLARED_SELECTOR = YES;
				GCC_WARN_UNINITIALIZED_AUTOS = YES_AGGRESSIVE;
				GCC_WARN_UNUSED_FUNCTION = YES;
				GCC_WARN_UNUSED_VARIABLE = YES;
				IPHONEOS_DEPLOYMENT_TARGET = 13.0;
				MTL_ENABLE_DEBUG_INFO = NO;
				MTL_FAST_MATH = YES;
				SDKROOT = iphoneos;
				SWIFT_COMPILATION_MODE = wholemodule;
				SWIFT_OPTIMIZATION_LEVEL = "-O";
				VALIDATE_PRODUCT = YES;
				VERSIONING_SYSTEM = "apple-generic";
				VERSION_INFO_PREFIX = "";
			};
			name = Release;
		};
		B2A3B6792AB55898007B1B75 /* Debug */ = {
			isa = XCBuildConfiguration;
			buildSettings = {
				CLANG_ENABLE_MODULES = YES;
				CODE_SIGN_STYLE = Automatic;
				CURRENT_PROJECT_VERSION = 1;
				DEFINES_MODULE = YES;
				DEVELOPMENT_TEAM = 7DY6Z945T9;
				DYLIB_COMPATIBILITY_VERSION = 1;
				DYLIB_CURRENT_VERSION = 1;
				DYLIB_INSTALL_NAME_BASE = "@rpath";
				ENABLE_MODULE_VERIFIER = YES;
				GENERATE_INFOPLIST_FILE = YES;
				INFOPLIST_KEY_NSHumanReadableCopyright = "";
				INSTALL_PATH = "$(LOCAL_LIBRARY_DIR)/Frameworks";
				LD_RUNPATH_SEARCH_PATHS = (
					"$(inherited)",
					"@executable_path/Frameworks",
					"@loader_path/Frameworks",
				);
				MARKETING_VERSION = 1.0;
				MODULE_VERIFIER_SUPPORTED_LANGUAGES = "objective-c objective-c++";
				MODULE_VERIFIER_SUPPORTED_LANGUAGE_STANDARDS = "gnu11 gnu++20";
				PRODUCT_BUNDLE_IDENTIFIER = com.klioop.AppStoreSearchiOS;
				PRODUCT_NAME = "$(TARGET_NAME:c99extidentifier)";
				SKIP_INSTALL = YES;
				SWIFT_EMIT_LOC_STRINGS = YES;
				SWIFT_OPTIMIZATION_LEVEL = "-Onone";
				SWIFT_VERSION = 5.0;
				TARGETED_DEVICE_FAMILY = "1,2";
			};
			name = Debug;
		};
		B2A3B67A2AB55898007B1B75 /* Release */ = {
			isa = XCBuildConfiguration;
			buildSettings = {
				CLANG_ENABLE_MODULES = YES;
				CODE_SIGN_STYLE = Automatic;
				CURRENT_PROJECT_VERSION = 1;
				DEFINES_MODULE = YES;
				DEVELOPMENT_TEAM = 7DY6Z945T9;
				DYLIB_COMPATIBILITY_VERSION = 1;
				DYLIB_CURRENT_VERSION = 1;
				DYLIB_INSTALL_NAME_BASE = "@rpath";
				ENABLE_MODULE_VERIFIER = YES;
				GENERATE_INFOPLIST_FILE = YES;
				INFOPLIST_KEY_NSHumanReadableCopyright = "";
				INSTALL_PATH = "$(LOCAL_LIBRARY_DIR)/Frameworks";
				LD_RUNPATH_SEARCH_PATHS = (
					"$(inherited)",
					"@executable_path/Frameworks",
					"@loader_path/Frameworks",
				);
				MARKETING_VERSION = 1.0;
				MODULE_VERIFIER_SUPPORTED_LANGUAGES = "objective-c objective-c++";
				MODULE_VERIFIER_SUPPORTED_LANGUAGE_STANDARDS = "gnu11 gnu++20";
				PRODUCT_BUNDLE_IDENTIFIER = com.klioop.AppStoreSearchiOS;
				PRODUCT_NAME = "$(TARGET_NAME:c99extidentifier)";
				SKIP_INSTALL = YES;
				SWIFT_EMIT_LOC_STRINGS = YES;
				SWIFT_VERSION = 5.0;
				TARGETED_DEVICE_FAMILY = "1,2";
			};
			name = Release;
		};
		B2A3B67C2AB55898007B1B75 /* Debug */ = {
			isa = XCBuildConfiguration;
			buildSettings = {
				ALWAYS_EMBED_SWIFT_STANDARD_LIBRARIES = YES;
				CODE_SIGN_STYLE = Automatic;
				CURRENT_PROJECT_VERSION = 1;
				DEVELOPMENT_TEAM = 7DY6Z945T9;
				GENERATE_INFOPLIST_FILE = YES;
				MARKETING_VERSION = 1.0;
				PRODUCT_BUNDLE_IDENTIFIER = com.klioop.AppStoreSearchiOSTests;
				PRODUCT_NAME = "$(TARGET_NAME)";
				SWIFT_EMIT_LOC_STRINGS = NO;
				SWIFT_VERSION = 5.0;
				TARGETED_DEVICE_FAMILY = "1,2";
			};
			name = Debug;
		};
		B2A3B67D2AB55898007B1B75 /* Release */ = {
			isa = XCBuildConfiguration;
			buildSettings = {
				ALWAYS_EMBED_SWIFT_STANDARD_LIBRARIES = YES;
				CODE_SIGN_STYLE = Automatic;
				CURRENT_PROJECT_VERSION = 1;
				DEVELOPMENT_TEAM = 7DY6Z945T9;
				GENERATE_INFOPLIST_FILE = YES;
				MARKETING_VERSION = 1.0;
				PRODUCT_BUNDLE_IDENTIFIER = com.klioop.AppStoreSearchiOSTests;
				PRODUCT_NAME = "$(TARGET_NAME)";
				SWIFT_EMIT_LOC_STRINGS = NO;
				SWIFT_VERSION = 5.0;
				TARGETED_DEVICE_FAMILY = "1,2";
			};
			name = Release;
		};
/* End XCBuildConfiguration section */

/* Begin XCConfigurationList section */
		B2A3B6602AB55898007B1B75 /* Build configuration list for PBXProject "AppStoreSearchiOS" */ = {
			isa = XCConfigurationList;
			buildConfigurations = (
				B2A3B6762AB55898007B1B75 /* Debug */,
				B2A3B6772AB55898007B1B75 /* Release */,
			);
			defaultConfigurationIsVisible = 0;
			defaultConfigurationName = Release;
		};
		B2A3B6782AB55898007B1B75 /* Build configuration list for PBXNativeTarget "AppStoreSearchiOS" */ = {
			isa = XCConfigurationList;
			buildConfigurations = (
				B2A3B6792AB55898007B1B75 /* Debug */,
				B2A3B67A2AB55898007B1B75 /* Release */,
			);
			defaultConfigurationIsVisible = 0;
			defaultConfigurationName = Release;
		};
		B2A3B67B2AB55898007B1B75 /* Build configuration list for PBXNativeTarget "AppStoreSearchiOSTests" */ = {
			isa = XCConfigurationList;
			buildConfigurations = (
				B2A3B67C2AB55898007B1B75 /* Debug */,
				B2A3B67D2AB55898007B1B75 /* Release */,
			);
			defaultConfigurationIsVisible = 0;
			defaultConfigurationName = Release;
		};
/* End XCConfigurationList section */

/* Begin XCRemoteSwiftPackageReference section */
		B2A3B6812AB55B7B007B1B75 /* XCRemoteSwiftPackageReference "SnapKit" */ = {
			isa = XCRemoteSwiftPackageReference;
			repositoryURL = "https://github.com/SnapKit/SnapKit.git";
			requirement = {
				kind = upToNextMajorVersion;
				minimumVersion = 5.0.0;
			};
		};
/* End XCRemoteSwiftPackageReference section */

/* Begin XCSwiftPackageProductDependency section */
		B2A3B6822AB55B7B007B1B75 /* SnapKit */ = {
			isa = XCSwiftPackageProductDependency;
			package = B2A3B6812AB55B7B007B1B75 /* XCRemoteSwiftPackageReference "SnapKit" */;
			productName = SnapKit;
		};
/* End XCSwiftPackageProductDependency section */
	};
	rootObject = B2A3B65D2AB55898007B1B75 /* Project object */;
}
